// !$*UTF8*$!
{
	archiveVersion = 1;
	classes = {
	};
	objectVersion = 46;
	objects = {

/* Begin PBXBuildFile section */
		4963D1D59FBD942AD726E0CB /* Pods_MagicCamera.framework in Frameworks */ = {isa = PBXBuildFile; fileRef = 5F82F0302CD05135041E4B47 /* Pods_MagicCamera.framework */; };
		890343E41F7419C700D1FF6A /* FilterManager.swift in Sources */ = {isa = PBXBuildFile; fileRef = 890343E31F7419C700D1FF6A /* FilterManager.swift */; };
		8905D5BC1F7BF7EE003F4730 /* PositionMonitor.swift in Sources */ = {isa = PBXBuildFile; fileRef = 8905D5BB1F7BF7EE003F4730 /* PositionMonitor.swift */; };
		890B99501F6D84DF00E37F9D /* FilterListViewHeader.xib in Resources */ = {isa = PBXBuildFile; fileRef = 890B994F1F6D84DF00E37F9D /* FilterListViewHeader.xib */; };
		891C98111FA8BDFC00991E7F /* UIImage+Save.swift in Sources */ = {isa = PBXBuildFile; fileRef = 891C980D1FA8BDFB00991E7F /* UIImage+Save.swift */; };
		89570B7A1FD2E93200A92942 /* FilterListView.xib in Resources */ = {isa = PBXBuildFile; fileRef = 89570B791FD2E93200A92942 /* FilterListView.xib */; };
		896A7C7B1F66DE9700FC369B /* AppDelegate.swift in Sources */ = {isa = PBXBuildFile; fileRef = 896A7C7A1F66DE9700FC369B /* AppDelegate.swift */; };
		896A7C7D1F66DE9700FC369B /* ViewController.swift in Sources */ = {isa = PBXBuildFile; fileRef = 896A7C7C1F66DE9700FC369B /* ViewController.swift */; };
		896A7C821F66DE9700FC369B /* Assets.xcassets in Resources */ = {isa = PBXBuildFile; fileRef = 896A7C811F66DE9700FC369B /* Assets.xcassets */; };
		896A7C901F66DE9800FC369B /* MagicCameraTests.swift in Sources */ = {isa = PBXBuildFile; fileRef = 896A7C8F1F66DE9800FC369B /* MagicCameraTests.swift */; };
		896A7C9B1F66DE9800FC369B /* MagicCameraUITests.swift in Sources */ = {isa = PBXBuildFile; fileRef = 896A7C9A1F66DE9800FC369B /* MagicCameraUITests.swift */; };
		896A7CB41F66E0CD00FC369B /* CameraViewController.storyboard in Resources */ = {isa = PBXBuildFile; fileRef = 896A7CB31F66E0CD00FC369B /* CameraViewController.storyboard */; };
		896A7CB61F66E0F200FC369B /* HomeViewController.storyboard in Resources */ = {isa = PBXBuildFile; fileRef = 896A7CB51F66E0F200FC369B /* HomeViewController.storyboard */; };
		897EBF401FCAB98D00D2AC75 /* DesignedUtils.swift in Sources */ = {isa = PBXBuildFile; fileRef = 897EBF3F1FCAB98D00D2AC75 /* DesignedUtils.swift */; };
		898FF7901FC95195001987B4 /* FilterCollectionViewHandler.swift in Sources */ = {isa = PBXBuildFile; fileRef = 898FF7801FC95195001987B4 /* FilterCollectionViewHandler.swift */; };
		898FF7911FC95195001987B4 /* JournalHandler.swift in Sources */ = {isa = PBXBuildFile; fileRef = 898FF7811FC95195001987B4 /* JournalHandler.swift */; };
		898FF7921FC95195001987B4 /* JournalModel.swift in Sources */ = {isa = PBXBuildFile; fileRef = 898FF7831FC95195001987B4 /* JournalModel.swift */; };
		898FF7931FC95195001987B4 /* ConfirmTextView.swift in Sources */ = {isa = PBXBuildFile; fileRef = 898FF7851FC95195001987B4 /* ConfirmTextView.swift */; };
		898FF7941FC95195001987B4 /* CutView.swift in Sources */ = {isa = PBXBuildFile; fileRef = 898FF7861FC95195001987B4 /* CutView.swift */; };
		898FF7951FC95195001987B4 /* FilterViewCell.swift in Sources */ = {isa = PBXBuildFile; fileRef = 898FF7871FC95195001987B4 /* FilterViewCell.swift */; };
		898FF7961FC95195001987B4 /* JournalView.swift in Sources */ = {isa = PBXBuildFile; fileRef = 898FF7881FC95195001987B4 /* JournalView.swift */; };
		898FF7971FC95195001987B4 /* TouchTextView.swift in Sources */ = {isa = PBXBuildFile; fileRef = 898FF7891FC95195001987B4 /* TouchTextView.swift */; };
		898FF7991FC95195001987B4 /* JournalViewController.swift in Sources */ = {isa = PBXBuildFile; fileRef = 898FF78C1FC95195001987B4 /* JournalViewController.swift */; };
		898FF79B1FC95285001987B4 /* CGRect+String.swift in Sources */ = {isa = PBXBuildFile; fileRef = 898FF79A1FC95285001987B4 /* CGRect+String.swift */; };
		898FF7A01FC95291001987B4 /* NSString+Utils.swift in Sources */ = {isa = PBXBuildFile; fileRef = 898FF79C1FC95290001987B4 /* NSString+Utils.swift */; };
		898FF7A11FC95291001987B4 /* UIFont+CGSize.swift in Sources */ = {isa = PBXBuildFile; fileRef = 898FF79D1FC95290001987B4 /* UIFont+CGSize.swift */; };
		898FF7A21FC95291001987B4 /* UIColor+String.swift in Sources */ = {isa = PBXBuildFile; fileRef = 898FF79E1FC95290001987B4 /* UIColor+String.swift */; };
		898FF7A31FC95291001987B4 /* String+Utils.swift in Sources */ = {isa = PBXBuildFile; fileRef = 898FF79F1FC95291001987B4 /* String+Utils.swift */; };
		898FF7A51FC952A6001987B4 /* UIImage+CGContext.swift in Sources */ = {isa = PBXBuildFile; fileRef = 898FF7A41FC952A6001987B4 /* UIImage+CGContext.swift */; };
		898FF7A81FC952AE001987B4 /* UIView+Utils.swift in Sources */ = {isa = PBXBuildFile; fileRef = 898FF7A61FC952AE001987B4 /* UIView+Utils.swift */; };
		898FF7A91FC952AE001987B4 /* Utils.swift in Sources */ = {isa = PBXBuildFile; fileRef = 898FF7A71FC952AE001987B4 /* Utils.swift */; };
		898FF7CD1FC9535D001987B4 /* GLFrameBuffer.swift in Sources */ = {isa = PBXBuildFile; fileRef = 898FF7AC1FC9535D001987B4 /* GLFrameBuffer.swift */; };
		898FF7CE1FC9535D001987B4 /* GLProgram.swift in Sources */ = {isa = PBXBuildFile; fileRef = 898FF7AD1FC9535D001987B4 /* GLProgram.swift */; };
		898FF7CF1FC9535D001987B4 /* GLTexture.swift in Sources */ = {isa = PBXBuildFile; fileRef = 898FF7AE1FC9535D001987B4 /* GLTexture.swift */; };
		898FF7D01FC9535D001987B4 /* BeautyGL.swift in Sources */ = {isa = PBXBuildFile; fileRef = 898FF7AF1FC9535D001987B4 /* BeautyGL.swift */; };
		898FF7D11FC9535D001987B4 /* CGLOperater.cpp in Sources */ = {isa = PBXBuildFile; fileRef = 898FF7B01FC9535D001987B4 /* CGLOperater.cpp */; };
		898FF7D21FC9535D001987B4 /* File.metal in Sources */ = {isa = PBXBuildFile; fileRef = 898FF7B21FC9535D001987B4 /* File.metal */; };
		898FF7D31FC9535D001987B4 /* BaseFilter.swift in Sources */ = {isa = PBXBuildFile; fileRef = 898FF7B41FC9535D001987B4 /* BaseFilter.swift */; };
		898FF7D41FC9535D001987B4 /* CommonFilter.swift in Sources */ = {isa = PBXBuildFile; fileRef = 898FF7B51FC9535D001987B4 /* CommonFilter.swift */; };
		898FF7D51FC9535D001987B4 /* LookUpFilter.swift in Sources */ = {isa = PBXBuildFile; fileRef = 898FF7B61FC9535D001987B4 /* LookUpFilter.swift */; };
		898FF7D61FC9535D001987B4 /* MixFilter.swift in Sources */ = {isa = PBXBuildFile; fileRef = 898FF7B71FC9535D001987B4 /* MixFilter.swift */; };
		898FF7D71FC9535D001987B4 /* PipFilter.swift in Sources */ = {isa = PBXBuildFile; fileRef = 898FF7B81FC9535D001987B4 /* PipFilter.swift */; };
		898FF7D81FC9535D001987B4 /* SGLLongPicFilter.swift in Sources */ = {isa = PBXBuildFile; fileRef = 898FF7B91FC9535D001987B4 /* SGLLongPicFilter.swift */; };
		898FF7D91FC9535D001987B4 /* CameoFragment.glsl in Resources */ = {isa = PBXBuildFile; fileRef = 898FF7BB1FC9535D001987B4 /* CameoFragment.glsl */; };
		898FF7DA1FC9535D001987B4 /* CameoVertex.glsl in Resources */ = {isa = PBXBuildFile; fileRef = 898FF7BC1FC9535D001987B4 /* CameoVertex.glsl */; };
		898FF7DB1FC9535D001987B4 /* CharacterFragment.glsl in Resources */ = {isa = PBXBuildFile; fileRef = 898FF7BD1FC9535D001987B4 /* CharacterFragment.glsl */; };
		898FF7DC1FC9535D001987B4 /* Charactervertex.glsl in Resources */ = {isa = PBXBuildFile; fileRef = 898FF7BE1FC9535D001987B4 /* Charactervertex.glsl */; };
		898FF7DD1FC9535D001987B4 /* LookupFragment.glsl in Resources */ = {isa = PBXBuildFile; fileRef = 898FF7BF1FC9535D001987B4 /* LookupFragment.glsl */; };
		898FF7DE1FC9535D001987B4 /* LookupFragment16.glsl in Resources */ = {isa = PBXBuildFile; fileRef = 898FF7C01FC9535D001987B4 /* LookupFragment16.glsl */; };
		898FF7DF1FC9535D001987B4 /* lookupTestF.glsl in Resources */ = {isa = PBXBuildFile; fileRef = 898FF7C11FC9535D001987B4 /* lookupTestF.glsl */; };
		898FF7E01FC9535D001987B4 /* lookupTestV.glsl in Resources */ = {isa = PBXBuildFile; fileRef = 898FF7C21FC9535D001987B4 /* lookupTestV.glsl */; };
		898FF7E11FC9535D001987B4 /* LookupVertex.glsl in Resources */ = {isa = PBXBuildFile; fileRef = 898FF7C31FC9535D001987B4 /* LookupVertex.glsl */; };
		898FF7E21FC9535D001987B4 /* LookupVertex16.glsl in Resources */ = {isa = PBXBuildFile; fileRef = 898FF7C41FC9535D001987B4 /* LookupVertex16.glsl */; };
		898FF7E31FC9535D001987B4 /* MixFragment.glsl in Resources */ = {isa = PBXBuildFile; fileRef = 898FF7C51FC9535D001987B4 /* MixFragment.glsl */; };
		898FF7E41FC9535D001987B4 /* MixVertex.glsl in Resources */ = {isa = PBXBuildFile; fileRef = 898FF7C61FC9535D001987B4 /* MixVertex.glsl */; };
		898FF7E51FC9535D001987B4 /* MTShaderFragment.glsl in Resources */ = {isa = PBXBuildFile; fileRef = 898FF7C71FC9535D001987B4 /* MTShaderFragment.glsl */; };
		898FF7E61FC9535D001987B4 /* MTShaderVertex.glsl in Resources */ = {isa = PBXBuildFile; fileRef = 898FF7C81FC9535D001987B4 /* MTShaderVertex.glsl */; };
		898FF7E71FC9535D001987B4 /* PipFragment.glsl in Resources */ = {isa = PBXBuildFile; fileRef = 898FF7C91FC9535D001987B4 /* PipFragment.glsl */; };
		898FF7E81FC9535D001987B4 /* PipVertex.glsl in Resources */ = {isa = PBXBuildFile; fileRef = 898FF7CA1FC9535D001987B4 /* PipVertex.glsl */; };
		898FF7E91FC9535D001987B4 /* PMixFragment.glsl in Resources */ = {isa = PBXBuildFile; fileRef = 898FF7CB1FC9535D001987B4 /* PMixFragment.glsl */; };
		898FF7EA1FC9535D001987B4 /* PMixVertex.glsl in Resources */ = {isa = PBXBuildFile; fileRef = 898FF7CC1FC9535D001987B4 /* PMixVertex.glsl */; };
		898FF7F81FC95A39001987B4 /* JournalTemplateViewController.swift in Sources */ = {isa = PBXBuildFile; fileRef = 898FF7F61FC95A39001987B4 /* JournalTemplateViewController.swift */; };
		898FF7F91FC95A39001987B4 /* TemplateSelectViewController.swift in Sources */ = {isa = PBXBuildFile; fileRef = 898FF7F71FC95A39001987B4 /* TemplateSelectViewController.swift */; };
		898FF8001FC95AAA001987B4 /* AutoScrollView.swift in Sources */ = {isa = PBXBuildFile; fileRef = 898FF7FB1FC95AAA001987B4 /* AutoScrollView.swift */; };
		898FF8011FC95AAA001987B4 /* DesignedTextView.swift in Sources */ = {isa = PBXBuildFile; fileRef = 898FF7FC1FC95AAA001987B4 /* DesignedTextView.swift */; };
		898FF8021FC95AAA001987B4 /* WaterFlowLayout.swift in Sources */ = {isa = PBXBuildFile; fileRef = 898FF7FE1FC95AAA001987B4 /* WaterFlowLayout.swift */; };
		898FF8031FC95AAA001987B4 /* WaterFlowView.swift in Sources */ = {isa = PBXBuildFile; fileRef = 898FF7FF1FC95AAA001987B4 /* WaterFlowView.swift */; };
		898FF80C1FC95B2E001987B4 /* PhotoPickerHandler.swift in Sources */ = {isa = PBXBuildFile; fileRef = 898FF8051FC95B2E001987B4 /* PhotoPickerHandler.swift */; };
		898FF80D1FC95B2E001987B4 /* PhotoUtil.swift in Sources */ = {isa = PBXBuildFile; fileRef = 898FF8061FC95B2E001987B4 /* PhotoUtil.swift */; };
		898FF80E1FC95B2E001987B4 /* SelectViewHandler.swift in Sources */ = {isa = PBXBuildFile; fileRef = 898FF8071FC95B2E001987B4 /* SelectViewHandler.swift */; };
		898FF80F1FC95B2E001987B4 /* PhotoPickerCell.swift in Sources */ = {isa = PBXBuildFile; fileRef = 898FF8091FC95B2E001987B4 /* PhotoPickerCell.swift */; };
		898FF8101FC95B2E001987B4 /* PhotoPickerViewController.swift in Sources */ = {isa = PBXBuildFile; fileRef = 898FF80B1FC95B2E001987B4 /* PhotoPickerViewController.swift */; };
		898FF8121FC95D96001987B4 /* JigsawModel.swift in Sources */ = {isa = PBXBuildFile; fileRef = 898FF8111FC95D96001987B4 /* JigsawModel.swift */; };
		8994993F1F71723D009999DA /* LookupFilter16.swift in Sources */ = {isa = PBXBuildFile; fileRef = 8994993E1F71723D009999DA /* LookupFilter16.swift */; };
		899499411F7172FC009999DA /* lookup16Fragment.glsl in Resources */ = {isa = PBXBuildFile; fileRef = 899499401F7172FC009999DA /* lookup16Fragment.glsl */; };
		89A02A521F6D82910078C6D7 /* FilterListViewCell.xib in Resources */ = {isa = PBXBuildFile; fileRef = 89A02A511F6D82910078C6D7 /* FilterListViewCell.xib */; };
		89C60E7D1FAE2B0200FF53E5 /* config.plist in Resources */ = {isa = PBXBuildFile; fileRef = 89C60E761FAE2B0100FF53E5 /* config.plist */; };
		89C60E841FAE2B1C00FF53E5 /* filterResourse in Resources */ = {isa = PBXBuildFile; fileRef = 89C60E831FAE2B1C00FF53E5 /* filterResourse */; };
		89C84ABA1F6B54DA004439DA /* HomeViewController.swift in Sources */ = {isa = PBXBuildFile; fileRef = 89C84AB91F6B54DA004439DA /* HomeViewController.swift */; };
		89C84ABC1F6B54EC004439DA /* CameraViewController.swift in Sources */ = {isa = PBXBuildFile; fileRef = 89C84ABB1F6B54EC004439DA /* CameraViewController.swift */; };
		89C84AC01F6B5506004439DA /* SaveAndShareViewController.storyboard in Resources */ = {isa = PBXBuildFile; fileRef = 89C84ABE1F6B5506004439DA /* SaveAndShareViewController.storyboard */; };
		89C84AC11F6B5506004439DA /* SaveAndShareViewController.swift in Sources */ = {isa = PBXBuildFile; fileRef = 89C84ABF1F6B5506004439DA /* SaveAndShareViewController.swift */; };
		89C84AC51F6B5556004439DA /* ProcessViewController.swift in Sources */ = {isa = PBXBuildFile; fileRef = 89C84AC41F6B5556004439DA /* ProcessViewController.swift */; };
		89C871B91FB5EFA0003F8A9D /* LaunchScreen.storyboard in Resources */ = {isa = PBXBuildFile; fileRef = 89C871B81FB5EFA0003F8A9D /* LaunchScreen.storyboard */; };
		89C8C1011F9E3DBE003F8D2D /* UIImage+CGRect.swift in Sources */ = {isa = PBXBuildFile; fileRef = 89C8C1001F9E3DBE003F8D2D /* UIImage+CGRect.swift */; };
		89D5E3C11F94ECCB003C51C6 /* UIImage+UItil.swift in Sources */ = {isa = PBXBuildFile; fileRef = 89D5E3C01F94ECCB003C51C6 /* UIImage+UItil.swift */; };
		89D9F4111F6C0A1500DB3B57 /* ProcessViewController.storyboard in Resources */ = {isa = PBXBuildFile; fileRef = 89D9F4101F6C0A1500DB3B57 /* ProcessViewController.storyboard */; };
		89D9F41A1F6C1BA900DB3B57 /* FilterListView.swift in Sources */ = {isa = PBXBuildFile; fileRef = 89D9F4191F6C1BA900DB3B57 /* FilterListView.swift */; };
		89D9F41C1F6C1D3200DB3B57 /* FilterListViewCell.swift in Sources */ = {isa = PBXBuildFile; fileRef = 89D9F41B1F6C1D3200DB3B57 /* FilterListViewCell.swift */; };
		89D9F41E1F6C1D4300DB3B57 /* FilterListViewHeader.swift in Sources */ = {isa = PBXBuildFile; fileRef = 89D9F41D1F6C1D4300DB3B57 /* FilterListViewHeader.swift */; };
		89E594631F9321B8007671A3 /* Vector3.swift in Sources */ = {isa = PBXBuildFile; fileRef = 89E594621F9321B8007671A3 /* Vector3.swift */; };
		89F9CF731F7D466800704DF6 /* CameraManager.swift in Sources */ = {isa = PBXBuildFile; fileRef = 89F9CF721F7D466800704DF6 /* CameraManager.swift */; };
		89F9CF781F7D4E9D00704DF6 /* StillCamera.swift in Sources */ = {isa = PBXBuildFile; fileRef = 89F9CF771F7D4E9D00704DF6 /* StillCamera.swift */; };
		8A0192671FEB463E001D040E /* SuggestionViewController.swift in Sources */ = {isa = PBXBuildFile; fileRef = 8A0192661FEB463E001D040E /* SuggestionViewController.swift */; };
		8A01926D1FEBF2C2001D040E /* WallPaperViewController.swift in Sources */ = {isa = PBXBuildFile; fileRef = 8A01926C1FEBF2C2001D040E /* WallPaperViewController.swift */; };
		8A20EE201FB85F8E0083E8DC /* GPUImage.framework in Frameworks */ = {isa = PBXBuildFile; fileRef = 8A2262781FB85EA7004D2927 /* GPUImage.framework */; };
		8A20EE231FB85FBB0083E8DC /* GPUImage.framework in CopyFiles */ = {isa = PBXBuildFile; fileRef = 8A2262781FB85EA7004D2927 /* GPUImage.framework */; settings = {ATTRIBUTES = (CodeSignOnCopy, RemoveHeadersOnCopy, ); }; };
		8A2311561FF3C122007EA688 /* DermabrasionFragment.glsl in Resources */ = {isa = PBXBuildFile; fileRef = 8A2311551FF3C122007EA688 /* DermabrasionFragment.glsl */; };
		8A3EC7282007923200D96020 /* InfoPlist.strings in Resources */ = {isa = PBXBuildFile; fileRef = 8A3EC72A2007923200D96020 /* InfoPlist.strings */; };
		8A3EC72E200792E500D96020 /* Localizable.strings in Resources */ = {isa = PBXBuildFile; fileRef = 8A3EC730200792E500D96020 /* Localizable.strings */; };
		8A41D4A81FE20A1800F7D39C /* NomalDefinition.swift in Sources */ = {isa = PBXBuildFile; fileRef = 8A41D4A71FE20A1800F7D39C /* NomalDefinition.swift */; };
		8A47D85620023F3B00F6BE86 /* M6.JPG in Resources */ = {isa = PBXBuildFile; fileRef = 8A47D85520023F3B00F6BE86 /* M6.JPG */; };
		8A62F89D1FF1DFDB00AD9FD0 /* WallPapperCell.swift in Sources */ = {isa = PBXBuildFile; fileRef = 8A62F89C1FF1DFDB00AD9FD0 /* WallPapperCell.swift */; };
		8A62F8A21FF1E16700AD9FD0 /* WallPapperManager.swift in Sources */ = {isa = PBXBuildFile; fileRef = 8A62F8A11FF1E16700AD9FD0 /* WallPapperManager.swift */; };
		8A636BF01FFDBE8E000830DC /* WallPaperViewController.storyboard in Resources */ = {isa = PBXBuildFile; fileRef = 8A636BEF1FFDBE8E000830DC /* WallPaperViewController.storyboard */; };
		8A8A71961FD8266A008B214E /* journalConfig.plist in Resources */ = {isa = PBXBuildFile; fileRef = 8A8A71921FD82669008B214E /* journalConfig.plist */; };
		8A8A71A01FD82B87008B214E /* M1.JPG in Resources */ = {isa = PBXBuildFile; fileRef = 8A8A719F1FD82B87008B214E /* M1.JPG */; };
		8A8A71A61FD82B93008B214E /* M4.JPG in Resources */ = {isa = PBXBuildFile; fileRef = 8A8A71A21FD82B92008B214E /* M4.JPG */; };
		8A8A71A71FD82B93008B214E /* M3.JPG in Resources */ = {isa = PBXBuildFile; fileRef = 8A8A71A31FD82B93008B214E /* M3.JPG */; };
		8A8A71A81FD82B93008B214E /* M5.JPG in Resources */ = {isa = PBXBuildFile; fileRef = 8A8A71A41FD82B93008B214E /* M5.JPG */; };
		8A8A71AC1FD835A5008B214E /* M2.JPG in Resources */ = {isa = PBXBuildFile; fileRef = 8A8A71AB1FD835A5008B214E /* M2.JPG */; };
		8A9B11241FF32D9700D456DD /* AuthorityUtil.swift in Sources */ = {isa = PBXBuildFile; fileRef = 8A9B11231FF32D9700D456DD /* AuthorityUtil.swift */; };
		8AA601771FE9410100809F64 /* SettingViewController.swift in Sources */ = {isa = PBXBuildFile; fileRef = 8AA601761FE9410100809F64 /* SettingViewController.swift */; };
		8AA601791FE9430A00809F64 /* SettingViewCell.swift in Sources */ = {isa = PBXBuildFile; fileRef = 8AA601781FE9430A00809F64 /* SettingViewCell.swift */; };
		8AA6017B1FE9788500809F64 /* SettingViewManager.swift in Sources */ = {isa = PBXBuildFile; fileRef = 8AA6017A1FE9788500809F64 /* SettingViewManager.swift */; };
		8ABD14481FD6E05600F1AA64 /* M2 in Resources */ = {isa = PBXBuildFile; fileRef = 8ABD14471FD6E05600F1AA64 /* M2 */; };
		8ABD14501FD6E11700F1AA64 /* M4 in Resources */ = {isa = PBXBuildFile; fileRef = 8ABD14491FD6E11700F1AA64 /* M4 */; };
		8ABD14511FD6E11700F1AA64 /* M3 in Resources */ = {isa = PBXBuildFile; fileRef = 8ABD144A1FD6E11700F1AA64 /* M3 */; };
		8ABD14521FD6E11700F1AA64 /* M8 in Resources */ = {isa = PBXBuildFile; fileRef = 8ABD144B1FD6E11700F1AA64 /* M8 */; };
		8ABD14531FD6E11700F1AA64 /* M7 in Resources */ = {isa = PBXBuildFile; fileRef = 8ABD144C1FD6E11700F1AA64 /* M7 */; };
		8ABD14541FD6E11700F1AA64 /* M9 in Resources */ = {isa = PBXBuildFile; fileRef = 8ABD144D1FD6E11700F1AA64 /* M9 */; };
		8ABD14551FD6E11700F1AA64 /* M5 in Resources */ = {isa = PBXBuildFile; fileRef = 8ABD144E1FD6E11700F1AA64 /* M5 */; };
		8ABD14561FD6E11700F1AA64 /* M6 in Resources */ = {isa = PBXBuildFile; fileRef = 8ABD144F1FD6E11700F1AA64 /* M6 */; };
		8ABD14581FD6E12D00F1AA64 /* M1 in Resources */ = {isa = PBXBuildFile; fileRef = 8ABD14571FD6E12D00F1AA64 /* M1 */; };
		8AF10FD420064F4B00D804BF /* StatusUtil.swift in Sources */ = {isa = PBXBuildFile; fileRef = 8AF10FD320064F4B00D804BF /* StatusUtil.swift */; };
/* End PBXBuildFile section */

/* Begin PBXContainerItemProxy section */
		896A7C8C1F66DE9800FC369B /* PBXContainerItemProxy */ = {
			isa = PBXContainerItemProxy;
			containerPortal = 896A7C6F1F66DE9700FC369B /* Project object */;
			proxyType = 1;
			remoteGlobalIDString = 896A7C761F66DE9700FC369B;
			remoteInfo = MagicCamera;
		};
		896A7C971F66DE9800FC369B /* PBXContainerItemProxy */ = {
			isa = PBXContainerItemProxy;
			containerPortal = 896A7C6F1F66DE9700FC369B /* Project object */;
			proxyType = 1;
			remoteGlobalIDString = 896A7C761F66DE9700FC369B;
			remoteInfo = MagicCamera;
		};
		8A20EE211FB85F950083E8DC /* PBXContainerItemProxy */ = {
			isa = PBXContainerItemProxy;
			containerPortal = 8A22626C1FB85EA7004D2927 /* GPUImage.xcodeproj */;
			proxyType = 1;
			remoteGlobalIDString = BC9E34E81E524A2200B8604F;
			remoteInfo = GPUImage_iOS;
		};
		8A2262731FB85EA7004D2927 /* PBXContainerItemProxy */ = {
			isa = PBXContainerItemProxy;
			containerPortal = 8A22626C1FB85EA7004D2927 /* GPUImage.xcodeproj */;
			proxyType = 2;
			remoteGlobalIDString = BC6E7CAB1C39A9D8006DF678;
			remoteInfo = GPUImage_macOS;
		};
		8A2262751FB85EA7004D2927 /* PBXContainerItemProxy */ = {
			isa = PBXContainerItemProxy;
			containerPortal = 8A22626C1FB85EA7004D2927 /* GPUImage.xcodeproj */;
			proxyType = 2;
			remoteGlobalIDString = BC6E7CB51C39A9D8006DF678;
			remoteInfo = GPUImageTests_macOS;
		};
		8A2262771FB85EA7004D2927 /* PBXContainerItemProxy */ = {
			isa = PBXContainerItemProxy;
			containerPortal = 8A22626C1FB85EA7004D2927 /* GPUImage.xcodeproj */;
			proxyType = 2;
			remoteGlobalIDString = BC9E34E91E524A2200B8604F;
			remoteInfo = GPUImage_iOS;
		};
		8A2262791FB85EA7004D2927 /* PBXContainerItemProxy */ = {
			isa = PBXContainerItemProxy;
			containerPortal = 8A22626C1FB85EA7004D2927 /* GPUImage.xcodeproj */;
			proxyType = 2;
			remoteGlobalIDString = BC9E34F11E524A2200B8604F;
			remoteInfo = GPUImageTests_iOS;
		};
/* End PBXContainerItemProxy section */

/* Begin PBXCopyFilesBuildPhase section */
		896A7CC91F66E99200FC369B /* CopyFiles */ = {
			isa = PBXCopyFilesBuildPhase;
			buildActionMask = 2147483647;
			dstPath = "";
			dstSubfolderSpec = 10;
			files = (
				8A20EE231FB85FBB0083E8DC /* GPUImage.framework in CopyFiles */,
			);
			runOnlyForDeploymentPostprocessing = 0;
		};
/* End PBXCopyFilesBuildPhase section */

/* Begin PBXFileReference section */
		01B3C3584B20A2EA7302A43C /* Pods-MagicCamera.debug.xcconfig */ = {isa = PBXFileReference; includeInIndex = 1; lastKnownFileType = text.xcconfig; name = "Pods-MagicCamera.debug.xcconfig"; path = "Pods/Target Support Files/Pods-MagicCamera/Pods-MagicCamera.debug.xcconfig"; sourceTree = "<group>"; };
		5F82F0302CD05135041E4B47 /* Pods_MagicCamera.framework */ = {isa = PBXFileReference; explicitFileType = wrapper.framework; includeInIndex = 0; path = Pods_MagicCamera.framework; sourceTree = BUILT_PRODUCTS_DIR; };
		890343E31F7419C700D1FF6A /* FilterManager.swift */ = {isa = PBXFileReference; fileEncoding = 4; lastKnownFileType = sourcecode.swift; path = FilterManager.swift; sourceTree = "<group>"; };
		8905D5BB1F7BF7EE003F4730 /* PositionMonitor.swift */ = {isa = PBXFileReference; fileEncoding = 4; lastKnownFileType = sourcecode.swift; path = PositionMonitor.swift; sourceTree = "<group>"; };
		890B994F1F6D84DF00E37F9D /* FilterListViewHeader.xib */ = {isa = PBXFileReference; fileEncoding = 4; lastKnownFileType = file.xib; path = FilterListViewHeader.xib; sourceTree = "<group>"; };
		891C980D1FA8BDFB00991E7F /* UIImage+Save.swift */ = {isa = PBXFileReference; lastKnownFileType = sourcecode.swift; path = "UIImage+Save.swift"; sourceTree = "<group>"; };
		891C98161FA8C51000991E7F /* MagicCamera-Bridging-Header.h */ = {isa = PBXFileReference; lastKnownFileType = sourcecode.c.h; path = "MagicCamera-Bridging-Header.h"; sourceTree = "<group>"; };
		89570B791FD2E93200A92942 /* FilterListView.xib */ = {isa = PBXFileReference; fileEncoding = 4; lastKnownFileType = file.xib; path = FilterListView.xib; sourceTree = "<group>"; };
		896A7C771F66DE9700FC369B /* MagicCamera.app */ = {isa = PBXFileReference; explicitFileType = wrapper.application; includeInIndex = 0; path = MagicCamera.app; sourceTree = BUILT_PRODUCTS_DIR; };
		896A7C7A1F66DE9700FC369B /* AppDelegate.swift */ = {isa = PBXFileReference; lastKnownFileType = sourcecode.swift; path = AppDelegate.swift; sourceTree = "<group>"; };
		896A7C7C1F66DE9700FC369B /* ViewController.swift */ = {isa = PBXFileReference; lastKnownFileType = sourcecode.swift; path = ViewController.swift; sourceTree = "<group>"; };
		896A7C811F66DE9700FC369B /* Assets.xcassets */ = {isa = PBXFileReference; lastKnownFileType = folder.assetcatalog; path = Assets.xcassets; sourceTree = "<group>"; };
		896A7C861F66DE9700FC369B /* Info.plist */ = {isa = PBXFileReference; lastKnownFileType = text.plist.xml; path = Info.plist; sourceTree = "<group>"; };
		896A7C8B1F66DE9800FC369B /* MagicCameraTests.xctest */ = {isa = PBXFileReference; explicitFileType = wrapper.cfbundle; includeInIndex = 0; path = MagicCameraTests.xctest; sourceTree = BUILT_PRODUCTS_DIR; };
		896A7C8F1F66DE9800FC369B /* MagicCameraTests.swift */ = {isa = PBXFileReference; lastKnownFileType = sourcecode.swift; path = MagicCameraTests.swift; sourceTree = "<group>"; };
		896A7C911F66DE9800FC369B /* Info.plist */ = {isa = PBXFileReference; lastKnownFileType = text.plist.xml; path = Info.plist; sourceTree = "<group>"; };
		896A7C961F66DE9800FC369B /* MagicCameraUITests.xctest */ = {isa = PBXFileReference; explicitFileType = wrapper.cfbundle; includeInIndex = 0; path = MagicCameraUITests.xctest; sourceTree = BUILT_PRODUCTS_DIR; };
		896A7C9A1F66DE9800FC369B /* MagicCameraUITests.swift */ = {isa = PBXFileReference; lastKnownFileType = sourcecode.swift; path = MagicCameraUITests.swift; sourceTree = "<group>"; };
		896A7C9C1F66DE9800FC369B /* Info.plist */ = {isa = PBXFileReference; lastKnownFileType = text.plist.xml; path = Info.plist; sourceTree = "<group>"; };
		896A7CB31F66E0CD00FC369B /* CameraViewController.storyboard */ = {isa = PBXFileReference; fileEncoding = 4; lastKnownFileType = file.storyboard; path = CameraViewController.storyboard; sourceTree = "<group>"; };
		896A7CB51F66E0F200FC369B /* HomeViewController.storyboard */ = {isa = PBXFileReference; fileEncoding = 4; lastKnownFileType = file.storyboard; path = HomeViewController.storyboard; sourceTree = "<group>"; };
		897EBF3F1FCAB98D00D2AC75 /* DesignedUtils.swift */ = {isa = PBXFileReference; lastKnownFileType = sourcecode.swift; path = DesignedUtils.swift; sourceTree = "<group>"; };
		898FF7801FC95195001987B4 /* FilterCollectionViewHandler.swift */ = {isa = PBXFileReference; fileEncoding = 4; lastKnownFileType = sourcecode.swift; path = FilterCollectionViewHandler.swift; sourceTree = "<group>"; };
		898FF7811FC95195001987B4 /* JournalHandler.swift */ = {isa = PBXFileReference; fileEncoding = 4; lastKnownFileType = sourcecode.swift; path = JournalHandler.swift; sourceTree = "<group>"; };
		898FF7831FC95195001987B4 /* JournalModel.swift */ = {isa = PBXFileReference; fileEncoding = 4; lastKnownFileType = sourcecode.swift; path = JournalModel.swift; sourceTree = "<group>"; };
		898FF7851FC95195001987B4 /* ConfirmTextView.swift */ = {isa = PBXFileReference; fileEncoding = 4; lastKnownFileType = sourcecode.swift; path = ConfirmTextView.swift; sourceTree = "<group>"; };
		898FF7861FC95195001987B4 /* CutView.swift */ = {isa = PBXFileReference; fileEncoding = 4; lastKnownFileType = sourcecode.swift; path = CutView.swift; sourceTree = "<group>"; };
		898FF7871FC95195001987B4 /* FilterViewCell.swift */ = {isa = PBXFileReference; fileEncoding = 4; lastKnownFileType = sourcecode.swift; path = FilterViewCell.swift; sourceTree = "<group>"; };
		898FF7881FC95195001987B4 /* JournalView.swift */ = {isa = PBXFileReference; fileEncoding = 4; lastKnownFileType = sourcecode.swift; path = JournalView.swift; sourceTree = "<group>"; };
		898FF7891FC95195001987B4 /* TouchTextView.swift */ = {isa = PBXFileReference; fileEncoding = 4; lastKnownFileType = sourcecode.swift; path = TouchTextView.swift; sourceTree = "<group>"; };
		898FF78C1FC95195001987B4 /* JournalViewController.swift */ = {isa = PBXFileReference; fileEncoding = 4; lastKnownFileType = sourcecode.swift; path = JournalViewController.swift; sourceTree = "<group>"; };
		898FF79A1FC95285001987B4 /* CGRect+String.swift */ = {isa = PBXFileReference; fileEncoding = 4; lastKnownFileType = sourcecode.swift; path = "CGRect+String.swift"; sourceTree = "<group>"; };
		898FF79C1FC95290001987B4 /* NSString+Utils.swift */ = {isa = PBXFileReference; fileEncoding = 4; lastKnownFileType = sourcecode.swift; path = "NSString+Utils.swift"; sourceTree = "<group>"; };
		898FF79D1FC95290001987B4 /* UIFont+CGSize.swift */ = {isa = PBXFileReference; fileEncoding = 4; lastKnownFileType = sourcecode.swift; path = "UIFont+CGSize.swift"; sourceTree = "<group>"; };
		898FF79E1FC95290001987B4 /* UIColor+String.swift */ = {isa = PBXFileReference; fileEncoding = 4; lastKnownFileType = sourcecode.swift; path = "UIColor+String.swift"; sourceTree = "<group>"; };
		898FF79F1FC95291001987B4 /* String+Utils.swift */ = {isa = PBXFileReference; fileEncoding = 4; lastKnownFileType = sourcecode.swift; path = "String+Utils.swift"; sourceTree = "<group>"; };
		898FF7A41FC952A6001987B4 /* UIImage+CGContext.swift */ = {isa = PBXFileReference; fileEncoding = 4; lastKnownFileType = sourcecode.swift; path = "UIImage+CGContext.swift"; sourceTree = "<group>"; };
		898FF7A61FC952AE001987B4 /* UIView+Utils.swift */ = {isa = PBXFileReference; fileEncoding = 4; lastKnownFileType = sourcecode.swift; path = "UIView+Utils.swift"; sourceTree = "<group>"; };
		898FF7A71FC952AE001987B4 /* Utils.swift */ = {isa = PBXFileReference; fileEncoding = 4; lastKnownFileType = sourcecode.swift; path = Utils.swift; sourceTree = "<group>"; };
		898FF7AC1FC9535D001987B4 /* GLFrameBuffer.swift */ = {isa = PBXFileReference; fileEncoding = 4; lastKnownFileType = sourcecode.swift; path = GLFrameBuffer.swift; sourceTree = "<group>"; };
		898FF7AD1FC9535D001987B4 /* GLProgram.swift */ = {isa = PBXFileReference; fileEncoding = 4; lastKnownFileType = sourcecode.swift; path = GLProgram.swift; sourceTree = "<group>"; };
		898FF7AE1FC9535D001987B4 /* GLTexture.swift */ = {isa = PBXFileReference; fileEncoding = 4; lastKnownFileType = sourcecode.swift; path = GLTexture.swift; sourceTree = "<group>"; };
		898FF7AF1FC9535D001987B4 /* BeautyGL.swift */ = {isa = PBXFileReference; fileEncoding = 4; lastKnownFileType = sourcecode.swift; path = BeautyGL.swift; sourceTree = "<group>"; };
		898FF7B01FC9535D001987B4 /* CGLOperater.cpp */ = {isa = PBXFileReference; fileEncoding = 4; lastKnownFileType = sourcecode.cpp.cpp; path = CGLOperater.cpp; sourceTree = "<group>"; };
		898FF7B11FC9535D001987B4 /* CGLOperater.hpp */ = {isa = PBXFileReference; fileEncoding = 4; lastKnownFileType = sourcecode.cpp.h; path = CGLOperater.hpp; sourceTree = "<group>"; };
		898FF7B21FC9535D001987B4 /* File.metal */ = {isa = PBXFileReference; fileEncoding = 4; lastKnownFileType = sourcecode.metal; path = File.metal; sourceTree = "<group>"; };
		898FF7B41FC9535D001987B4 /* BaseFilter.swift */ = {isa = PBXFileReference; fileEncoding = 4; lastKnownFileType = sourcecode.swift; path = BaseFilter.swift; sourceTree = "<group>"; };
		898FF7B51FC9535D001987B4 /* CommonFilter.swift */ = {isa = PBXFileReference; fileEncoding = 4; lastKnownFileType = sourcecode.swift; path = CommonFilter.swift; sourceTree = "<group>"; };
		898FF7B61FC9535D001987B4 /* LookUpFilter.swift */ = {isa = PBXFileReference; fileEncoding = 4; lastKnownFileType = sourcecode.swift; path = LookUpFilter.swift; sourceTree = "<group>"; };
		898FF7B71FC9535D001987B4 /* MixFilter.swift */ = {isa = PBXFileReference; fileEncoding = 4; lastKnownFileType = sourcecode.swift; path = MixFilter.swift; sourceTree = "<group>"; };
		898FF7B81FC9535D001987B4 /* PipFilter.swift */ = {isa = PBXFileReference; fileEncoding = 4; lastKnownFileType = sourcecode.swift; path = PipFilter.swift; sourceTree = "<group>"; };
		898FF7B91FC9535D001987B4 /* SGLLongPicFilter.swift */ = {isa = PBXFileReference; fileEncoding = 4; lastKnownFileType = sourcecode.swift; path = SGLLongPicFilter.swift; sourceTree = "<group>"; };
		898FF7BB1FC9535D001987B4 /* CameoFragment.glsl */ = {isa = PBXFileReference; fileEncoding = 4; lastKnownFileType = text; path = CameoFragment.glsl; sourceTree = "<group>"; };
		898FF7BC1FC9535D001987B4 /* CameoVertex.glsl */ = {isa = PBXFileReference; fileEncoding = 4; lastKnownFileType = text; path = CameoVertex.glsl; sourceTree = "<group>"; };
		898FF7BD1FC9535D001987B4 /* CharacterFragment.glsl */ = {isa = PBXFileReference; fileEncoding = 4; lastKnownFileType = text; path = CharacterFragment.glsl; sourceTree = "<group>"; };
		898FF7BE1FC9535D001987B4 /* Charactervertex.glsl */ = {isa = PBXFileReference; fileEncoding = 4; lastKnownFileType = text; path = Charactervertex.glsl; sourceTree = "<group>"; };
		898FF7BF1FC9535D001987B4 /* LookupFragment.glsl */ = {isa = PBXFileReference; fileEncoding = 4; lastKnownFileType = text; path = LookupFragment.glsl; sourceTree = "<group>"; };
		898FF7C01FC9535D001987B4 /* LookupFragment16.glsl */ = {isa = PBXFileReference; fileEncoding = 4; lastKnownFileType = text; path = LookupFragment16.glsl; sourceTree = "<group>"; };
		898FF7C11FC9535D001987B4 /* lookupTestF.glsl */ = {isa = PBXFileReference; fileEncoding = 4; lastKnownFileType = text; path = lookupTestF.glsl; sourceTree = "<group>"; };
		898FF7C21FC9535D001987B4 /* lookupTestV.glsl */ = {isa = PBXFileReference; fileEncoding = 4; lastKnownFileType = text; path = lookupTestV.glsl; sourceTree = "<group>"; };
		898FF7C31FC9535D001987B4 /* LookupVertex.glsl */ = {isa = PBXFileReference; fileEncoding = 4; lastKnownFileType = text; path = LookupVertex.glsl; sourceTree = "<group>"; };
		898FF7C41FC9535D001987B4 /* LookupVertex16.glsl */ = {isa = PBXFileReference; fileEncoding = 4; lastKnownFileType = text; path = LookupVertex16.glsl; sourceTree = "<group>"; };
		898FF7C51FC9535D001987B4 /* MixFragment.glsl */ = {isa = PBXFileReference; fileEncoding = 4; lastKnownFileType = text; path = MixFragment.glsl; sourceTree = "<group>"; };
		898FF7C61FC9535D001987B4 /* MixVertex.glsl */ = {isa = PBXFileReference; fileEncoding = 4; lastKnownFileType = text; path = MixVertex.glsl; sourceTree = "<group>"; };
		898FF7C71FC9535D001987B4 /* MTShaderFragment.glsl */ = {isa = PBXFileReference; fileEncoding = 4; lastKnownFileType = text; path = MTShaderFragment.glsl; sourceTree = "<group>"; };
		898FF7C81FC9535D001987B4 /* MTShaderVertex.glsl */ = {isa = PBXFileReference; fileEncoding = 4; lastKnownFileType = text; path = MTShaderVertex.glsl; sourceTree = "<group>"; };
		898FF7C91FC9535D001987B4 /* PipFragment.glsl */ = {isa = PBXFileReference; fileEncoding = 4; lastKnownFileType = text; path = PipFragment.glsl; sourceTree = "<group>"; };
		898FF7CA1FC9535D001987B4 /* PipVertex.glsl */ = {isa = PBXFileReference; fileEncoding = 4; lastKnownFileType = text; path = PipVertex.glsl; sourceTree = "<group>"; };
		898FF7CB1FC9535D001987B4 /* PMixFragment.glsl */ = {isa = PBXFileReference; fileEncoding = 4; lastKnownFileType = text; path = PMixFragment.glsl; sourceTree = "<group>"; };
		898FF7CC1FC9535D001987B4 /* PMixVertex.glsl */ = {isa = PBXFileReference; fileEncoding = 4; lastKnownFileType = text; path = PMixVertex.glsl; sourceTree = "<group>"; };
		898FF7F61FC95A39001987B4 /* JournalTemplateViewController.swift */ = {isa = PBXFileReference; fileEncoding = 4; lastKnownFileType = sourcecode.swift; path = JournalTemplateViewController.swift; sourceTree = "<group>"; };
		898FF7F71FC95A39001987B4 /* TemplateSelectViewController.swift */ = {isa = PBXFileReference; fileEncoding = 4; lastKnownFileType = sourcecode.swift; path = TemplateSelectViewController.swift; sourceTree = "<group>"; };
		898FF7FB1FC95AAA001987B4 /* AutoScrollView.swift */ = {isa = PBXFileReference; fileEncoding = 4; lastKnownFileType = sourcecode.swift; path = AutoScrollView.swift; sourceTree = "<group>"; };
		898FF7FC1FC95AAA001987B4 /* DesignedTextView.swift */ = {isa = PBXFileReference; fileEncoding = 4; lastKnownFileType = sourcecode.swift; path = DesignedTextView.swift; sourceTree = "<group>"; };
		898FF7FE1FC95AAA001987B4 /* WaterFlowLayout.swift */ = {isa = PBXFileReference; fileEncoding = 4; lastKnownFileType = sourcecode.swift; path = WaterFlowLayout.swift; sourceTree = "<group>"; };
		898FF7FF1FC95AAA001987B4 /* WaterFlowView.swift */ = {isa = PBXFileReference; fileEncoding = 4; lastKnownFileType = sourcecode.swift; path = WaterFlowView.swift; sourceTree = "<group>"; };
		898FF8051FC95B2E001987B4 /* PhotoPickerHandler.swift */ = {isa = PBXFileReference; fileEncoding = 4; lastKnownFileType = sourcecode.swift; path = PhotoPickerHandler.swift; sourceTree = "<group>"; };
		898FF8061FC95B2E001987B4 /* PhotoUtil.swift */ = {isa = PBXFileReference; fileEncoding = 4; lastKnownFileType = sourcecode.swift; path = PhotoUtil.swift; sourceTree = "<group>"; };
		898FF8071FC95B2E001987B4 /* SelectViewHandler.swift */ = {isa = PBXFileReference; fileEncoding = 4; lastKnownFileType = sourcecode.swift; path = SelectViewHandler.swift; sourceTree = "<group>"; };
		898FF8091FC95B2E001987B4 /* PhotoPickerCell.swift */ = {isa = PBXFileReference; fileEncoding = 4; lastKnownFileType = sourcecode.swift; path = PhotoPickerCell.swift; sourceTree = "<group>"; };
		898FF80B1FC95B2E001987B4 /* PhotoPickerViewController.swift */ = {isa = PBXFileReference; fileEncoding = 4; lastKnownFileType = sourcecode.swift; path = PhotoPickerViewController.swift; sourceTree = "<group>"; };
		898FF8111FC95D96001987B4 /* JigsawModel.swift */ = {isa = PBXFileReference; fileEncoding = 4; lastKnownFileType = sourcecode.swift; path = JigsawModel.swift; sourceTree = "<group>"; };
		8994993E1F71723D009999DA /* LookupFilter16.swift */ = {isa = PBXFileReference; fileEncoding = 4; lastKnownFileType = sourcecode.swift; path = LookupFilter16.swift; sourceTree = "<group>"; };
		899499401F7172FC009999DA /* lookup16Fragment.glsl */ = {isa = PBXFileReference; fileEncoding = 4; lastKnownFileType = text; path = lookup16Fragment.glsl; sourceTree = "<group>"; };
		89A02A511F6D82910078C6D7 /* FilterListViewCell.xib */ = {isa = PBXFileReference; fileEncoding = 4; lastKnownFileType = file.xib; path = FilterListViewCell.xib; sourceTree = "<group>"; };
		89C60E761FAE2B0100FF53E5 /* config.plist */ = {isa = PBXFileReference; fileEncoding = 4; lastKnownFileType = text.plist.xml; name = config.plist; path = filterResourse/config.plist; sourceTree = "<group>"; };
		89C60E831FAE2B1C00FF53E5 /* filterResourse */ = {isa = PBXFileReference; lastKnownFileType = folder; path = filterResourse; sourceTree = "<group>"; };
		89C84AB91F6B54DA004439DA /* HomeViewController.swift */ = {isa = PBXFileReference; fileEncoding = 4; lastKnownFileType = sourcecode.swift; path = HomeViewController.swift; sourceTree = "<group>"; };
		89C84ABB1F6B54EC004439DA /* CameraViewController.swift */ = {isa = PBXFileReference; fileEncoding = 4; lastKnownFileType = sourcecode.swift; path = CameraViewController.swift; sourceTree = "<group>"; };
		89C84ABE1F6B5506004439DA /* SaveAndShareViewController.storyboard */ = {isa = PBXFileReference; fileEncoding = 4; lastKnownFileType = file.storyboard; path = SaveAndShareViewController.storyboard; sourceTree = "<group>"; };
		89C84ABF1F6B5506004439DA /* SaveAndShareViewController.swift */ = {isa = PBXFileReference; fileEncoding = 4; lastKnownFileType = sourcecode.swift; path = SaveAndShareViewController.swift; sourceTree = "<group>"; };
		89C84AC41F6B5556004439DA /* ProcessViewController.swift */ = {isa = PBXFileReference; fileEncoding = 4; lastKnownFileType = sourcecode.swift; path = ProcessViewController.swift; sourceTree = "<group>"; };
		89C871B81FB5EFA0003F8A9D /* LaunchScreen.storyboard */ = {isa = PBXFileReference; fileEncoding = 4; lastKnownFileType = file.storyboard; path = LaunchScreen.storyboard; sourceTree = "<group>"; };
		89C8C1001F9E3DBE003F8D2D /* UIImage+CGRect.swift */ = {isa = PBXFileReference; lastKnownFileType = sourcecode.swift; path = "UIImage+CGRect.swift"; sourceTree = "<group>"; };
		89D5E3C01F94ECCB003C51C6 /* UIImage+UItil.swift */ = {isa = PBXFileReference; lastKnownFileType = sourcecode.swift; path = "UIImage+UItil.swift"; sourceTree = "<group>"; };
		89D9F4101F6C0A1500DB3B57 /* ProcessViewController.storyboard */ = {isa = PBXFileReference; fileEncoding = 4; lastKnownFileType = file.storyboard; path = ProcessViewController.storyboard; sourceTree = "<group>"; };
		89D9F4191F6C1BA900DB3B57 /* FilterListView.swift */ = {isa = PBXFileReference; fileEncoding = 4; lastKnownFileType = sourcecode.swift; path = FilterListView.swift; sourceTree = "<group>"; };
		89D9F41B1F6C1D3200DB3B57 /* FilterListViewCell.swift */ = {isa = PBXFileReference; fileEncoding = 4; lastKnownFileType = sourcecode.swift; path = FilterListViewCell.swift; sourceTree = "<group>"; };
		89D9F41D1F6C1D4300DB3B57 /* FilterListViewHeader.swift */ = {isa = PBXFileReference; fileEncoding = 4; lastKnownFileType = sourcecode.swift; path = FilterListViewHeader.swift; sourceTree = "<group>"; };
		89E594621F9321B8007671A3 /* Vector3.swift */ = {isa = PBXFileReference; lastKnownFileType = sourcecode.swift; path = Vector3.swift; sourceTree = "<group>"; };
		89F9CF721F7D466800704DF6 /* CameraManager.swift */ = {isa = PBXFileReference; fileEncoding = 4; lastKnownFileType = sourcecode.swift; path = CameraManager.swift; sourceTree = "<group>"; };
		89F9CF771F7D4E9D00704DF6 /* StillCamera.swift */ = {isa = PBXFileReference; fileEncoding = 4; lastKnownFileType = sourcecode.swift; path = StillCamera.swift; sourceTree = "<group>"; };
		8A0192661FEB463E001D040E /* SuggestionViewController.swift */ = {isa = PBXFileReference; lastKnownFileType = sourcecode.swift; path = SuggestionViewController.swift; sourceTree = "<group>"; };
		8A01926C1FEBF2C2001D040E /* WallPaperViewController.swift */ = {isa = PBXFileReference; lastKnownFileType = sourcecode.swift; path = WallPaperViewController.swift; sourceTree = "<group>"; };
		8A22626C1FB85EA7004D2927 /* GPUImage.xcodeproj */ = {isa = PBXFileReference; lastKnownFileType = "wrapper.pb-project"; name = GPUImage.xcodeproj; path = "GPUImage2-master/framework/GPUImage.xcodeproj"; sourceTree = SOURCE_ROOT; };
		8A2311551FF3C122007EA688 /* DermabrasionFragment.glsl */ = {isa = PBXFileReference; lastKnownFileType = text; path = DermabrasionFragment.glsl; sourceTree = "<group>"; };
		8A3EC7292007923200D96020 /* en */ = {isa = PBXFileReference; lastKnownFileType = text.plist.strings; name = en; path = en.lproj/InfoPlist.strings; sourceTree = "<group>"; };
		8A3EC72B2007926700D96020 /* zh-Hans */ = {isa = PBXFileReference; lastKnownFileType = text.plist.strings; name = "zh-Hans"; path = "zh-Hans.lproj/InfoPlist.strings"; sourceTree = "<group>"; };
		8A3EC72F200792E500D96020 /* en */ = {isa = PBXFileReference; lastKnownFileType = text.plist.strings; name = en; path = en.lproj/Localizable.strings; sourceTree = "<group>"; };
		8A3EC731200792E600D96020 /* zh-Hans */ = {isa = PBXFileReference; lastKnownFileType = text.plist.strings; name = "zh-Hans"; path = "zh-Hans.lproj/Localizable.strings"; sourceTree = "<group>"; };
		8A41D4A71FE20A1800F7D39C /* NomalDefinition.swift */ = {isa = PBXFileReference; lastKnownFileType = sourcecode.swift; path = NomalDefinition.swift; sourceTree = "<group>"; };
		8A47D85520023F3B00F6BE86 /* M6.JPG */ = {isa = PBXFileReference; lastKnownFileType = image.jpeg; path = M6.JPG; sourceTree = "<group>"; };
		8A62F89C1FF1DFDB00AD9FD0 /* WallPapperCell.swift */ = {isa = PBXFileReference; lastKnownFileType = sourcecode.swift; path = WallPapperCell.swift; sourceTree = "<group>"; };
		8A62F8A11FF1E16700AD9FD0 /* WallPapperManager.swift */ = {isa = PBXFileReference; lastKnownFileType = sourcecode.swift; path = WallPapperManager.swift; sourceTree = "<group>"; };
		8A636BEF1FFDBE8E000830DC /* WallPaperViewController.storyboard */ = {isa = PBXFileReference; lastKnownFileType = file.storyboard; path = WallPaperViewController.storyboard; sourceTree = "<group>"; };
		8A8A71921FD82669008B214E /* journalConfig.plist */ = {isa = PBXFileReference; fileEncoding = 4; lastKnownFileType = text.plist.xml; path = journalConfig.plist; sourceTree = "<group>"; };
		8A8A719F1FD82B87008B214E /* M1.JPG */ = {isa = PBXFileReference; lastKnownFileType = image.jpeg; path = M1.JPG; sourceTree = "<group>"; };
		8A8A71A21FD82B92008B214E /* M4.JPG */ = {isa = PBXFileReference; lastKnownFileType = image.jpeg; path = M4.JPG; sourceTree = "<group>"; };
		8A8A71A31FD82B93008B214E /* M3.JPG */ = {isa = PBXFileReference; lastKnownFileType = image.jpeg; path = M3.JPG; sourceTree = "<group>"; };
		8A8A71A41FD82B93008B214E /* M5.JPG */ = {isa = PBXFileReference; lastKnownFileType = image.jpeg; path = M5.JPG; sourceTree = "<group>"; };
		8A8A71AB1FD835A5008B214E /* M2.JPG */ = {isa = PBXFileReference; lastKnownFileType = image.jpeg; path = M2.JPG; sourceTree = "<group>"; };
		8A9B11231FF32D9700D456DD /* AuthorityUtil.swift */ = {isa = PBXFileReference; lastKnownFileType = sourcecode.swift; path = AuthorityUtil.swift; sourceTree = "<group>"; };
		8AA601761FE9410100809F64 /* SettingViewController.swift */ = {isa = PBXFileReference; lastKnownFileType = sourcecode.swift; path = SettingViewController.swift; sourceTree = "<group>"; };
		8AA601781FE9430A00809F64 /* SettingViewCell.swift */ = {isa = PBXFileReference; lastKnownFileType = sourcecode.swift; path = SettingViewCell.swift; sourceTree = "<group>"; };
		8AA6017A1FE9788500809F64 /* SettingViewManager.swift */ = {isa = PBXFileReference; lastKnownFileType = sourcecode.swift; path = SettingViewManager.swift; sourceTree = "<group>"; };
		8ABD14471FD6E05600F1AA64 /* M2 */ = {isa = PBXFileReference; lastKnownFileType = folder; path = M2; sourceTree = "<group>"; };
		8ABD14491FD6E11700F1AA64 /* M4 */ = {isa = PBXFileReference; lastKnownFileType = folder; path = M4; sourceTree = "<group>"; };
		8ABD144A1FD6E11700F1AA64 /* M3 */ = {isa = PBXFileReference; lastKnownFileType = folder; path = M3; sourceTree = "<group>"; };
		8ABD144B1FD6E11700F1AA64 /* M8 */ = {isa = PBXFileReference; lastKnownFileType = folder; path = M8; sourceTree = "<group>"; };
		8ABD144C1FD6E11700F1AA64 /* M7 */ = {isa = PBXFileReference; lastKnownFileType = folder; path = M7; sourceTree = "<group>"; };
		8ABD144D1FD6E11700F1AA64 /* M9 */ = {isa = PBXFileReference; lastKnownFileType = folder; path = M9; sourceTree = "<group>"; };
		8ABD144E1FD6E11700F1AA64 /* M5 */ = {isa = PBXFileReference; lastKnownFileType = folder; path = M5; sourceTree = "<group>"; };
		8ABD144F1FD6E11700F1AA64 /* M6 */ = {isa = PBXFileReference; lastKnownFileType = folder; path = M6; sourceTree = "<group>"; };
		8ABD14571FD6E12D00F1AA64 /* M1 */ = {isa = PBXFileReference; lastKnownFileType = folder; path = M1; sourceTree = "<group>"; };
		8AF10FD320064F4B00D804BF /* StatusUtil.swift */ = {isa = PBXFileReference; lastKnownFileType = sourcecode.swift; path = StatusUtil.swift; sourceTree = "<group>"; };
		AC7BC624126B2FF80E13B9E9 /* Pods-MagicCamera.release.xcconfig */ = {isa = PBXFileReference; includeInIndex = 1; lastKnownFileType = text.xcconfig; name = "Pods-MagicCamera.release.xcconfig"; path = "Pods/Target Support Files/Pods-MagicCamera/Pods-MagicCamera.release.xcconfig"; sourceTree = "<group>"; };
/* End PBXFileReference section */

/* Begin PBXFrameworksBuildPhase section */
		896A7C741F66DE9700FC369B /* Frameworks */ = {
			isa = PBXFrameworksBuildPhase;
			buildActionMask = 2147483647;
			files = (
				8A20EE201FB85F8E0083E8DC /* GPUImage.framework in Frameworks */,
				4963D1D59FBD942AD726E0CB /* Pods_MagicCamera.framework in Frameworks */,
			);
			runOnlyForDeploymentPostprocessing = 0;
		};
		896A7C881F66DE9800FC369B /* Frameworks */ = {
			isa = PBXFrameworksBuildPhase;
			buildActionMask = 2147483647;
			files = (
			);
			runOnlyForDeploymentPostprocessing = 0;
		};
		896A7C931F66DE9800FC369B /* Frameworks */ = {
			isa = PBXFrameworksBuildPhase;
			buildActionMask = 2147483647;
			files = (
			);
			runOnlyForDeploymentPostprocessing = 0;
		};
/* End PBXFrameworksBuildPhase section */

/* Begin PBXGroup section */
		204E2D43A822B18044574B3D /* Pods */ = {
			isa = PBXGroup;
			children = (
				01B3C3584B20A2EA7302A43C /* Pods-MagicCamera.debug.xcconfig */,
				AC7BC624126B2FF80E13B9E9 /* Pods-MagicCamera.release.xcconfig */,
			);
			name = Pods;
			sourceTree = "<group>";
		};
		451566A5748C0AEA10E0E92A /* Frameworks */ = {
			isa = PBXGroup;
			children = (
				5F82F0302CD05135041E4B47 /* Pods_MagicCamera.framework */,
			);
			name = Frameworks;
			sourceTree = "<group>";
		};
		8905D5B71F7BF7D1003F4730 /* Util */ = {
			isa = PBXGroup;
			children = (
				8905D5BB1F7BF7EE003F4730 /* PositionMonitor.swift */,
				89E594621F9321B8007671A3 /* Vector3.swift */,
				8A41D4A71FE20A1800F7D39C /* NomalDefinition.swift */,
				8A9B11231FF32D9700D456DD /* AuthorityUtil.swift */,
				8AF10FD320064F4B00D804BF /* StatusUtil.swift */,
			);
			path = Util;
			sourceTree = "<group>";
		};
		896A58BE1F6E27E700AEB484 /* Resourse */ = {
			isa = PBXGroup;
			children = (
				8ABD143F1FD6E03000F1AA64 /* jjournalSource */,
				8A8A719F1FD82B87008B214E /* M1.JPG */,
				8A8A71AB1FD835A5008B214E /* M2.JPG */,
				8A8A71A31FD82B93008B214E /* M3.JPG */,
				8A8A71A21FD82B92008B214E /* M4.JPG */,
				8A8A71A41FD82B93008B214E /* M5.JPG */,
				8A47D85520023F3B00F6BE86 /* M6.JPG */,
				89C60E831FAE2B1C00FF53E5 /* filterResourse */,
				89C60E761FAE2B0100FF53E5 /* config.plist */,
				8A3EC72A2007923200D96020 /* InfoPlist.strings */,
				8A3EC730200792E500D96020 /* Localizable.strings */,
			);
			path = Resourse;
			sourceTree = "<group>";
		};
		896A7C6E1F66DE9700FC369B = {
			isa = PBXGroup;
			children = (
				891C98161FA8C51000991E7F /* MagicCamera-Bridging-Header.h */,
				896A7C791F66DE9700FC369B /* MagicCamera */,
				896A7C8E1F66DE9800FC369B /* MagicCameraTests */,
				896A7C991F66DE9800FC369B /* MagicCameraUITests */,
				896A7C781F66DE9700FC369B /* Products */,
				204E2D43A822B18044574B3D /* Pods */,
				451566A5748C0AEA10E0E92A /* Frameworks */,
			);
			sourceTree = "<group>";
		};
		896A7C781F66DE9700FC369B /* Products */ = {
			isa = PBXGroup;
			children = (
				896A7C771F66DE9700FC369B /* MagicCamera.app */,
				896A7C8B1F66DE9800FC369B /* MagicCameraTests.xctest */,
				896A7C961F66DE9800FC369B /* MagicCameraUITests.xctest */,
			);
			name = Products;
			sourceTree = "<group>";
		};
		896A7C791F66DE9700FC369B /* MagicCamera */ = {
			isa = PBXGroup;
			children = (
				8AA601751FE940C500809F64 /* Setting */,
				898FF8041FC95B2E001987B4 /* PhotoPicker */,
				898FF7FA1FC95AAA001987B4 /* UItilView */,
				898FF7F41FC95A39001987B4 /* Template */,
				898FF7AA1FC9535D001987B4 /* GLES */,
				898FF77E1FC95195001987B4 /* Journal */,
				89C871B81FB5EFA0003F8A9D /* LaunchScreen.storyboard */,
				89E5945E1F930F3D007671A3 /* Extension */,
				8905D5B71F7BF7D1003F4730 /* Util */,
				8994993D1F717213009999DA /* FilterUtil */,
				896A7CB11F66E0A600FC369B /* Home */,
				896A7CAF1F66E0A600FC369B /* Camera */,
				89C84AC21F6B5518004439DA /* Process */,
				89C84ABD1F6B5506004439DA /* SaveAndShare */,
				896A58BE1F6E27E700AEB484 /* Resourse */,
				8A22626C1FB85EA7004D2927 /* GPUImage.xcodeproj */,
				896A7C7A1F66DE9700FC369B /* AppDelegate.swift */,
				896A7C7C1F66DE9700FC369B /* ViewController.swift */,
				896A7C811F66DE9700FC369B /* Assets.xcassets */,
				896A7C861F66DE9700FC369B /* Info.plist */,
			);
			path = MagicCamera;
			sourceTree = "<group>";
		};
		896A7C8E1F66DE9800FC369B /* MagicCameraTests */ = {
			isa = PBXGroup;
			children = (
				896A7C8F1F66DE9800FC369B /* MagicCameraTests.swift */,
				896A7C911F66DE9800FC369B /* Info.plist */,
			);
			path = MagicCameraTests;
			sourceTree = "<group>";
		};
		896A7C991F66DE9800FC369B /* MagicCameraUITests */ = {
			isa = PBXGroup;
			children = (
				896A7C9A1F66DE9800FC369B /* MagicCameraUITests.swift */,
				896A7C9C1F66DE9800FC369B /* Info.plist */,
			);
			path = MagicCameraUITests;
			sourceTree = "<group>";
		};
		896A7CAF1F66E0A600FC369B /* Camera */ = {
			isa = PBXGroup;
			children = (
				896A7CB01F66E0A600FC369B /* ViewController */,
				89F9CF721F7D466800704DF6 /* CameraManager.swift */,
			);
			path = Camera;
			sourceTree = "<group>";
		};
		896A7CB01F66E0A600FC369B /* ViewController */ = {
			isa = PBXGroup;
			children = (
				89C84ABB1F6B54EC004439DA /* CameraViewController.swift */,
				896A7CB31F66E0CD00FC369B /* CameraViewController.storyboard */,
				89F9CF771F7D4E9D00704DF6 /* StillCamera.swift */,
			);
			path = ViewController;
			sourceTree = "<group>";
		};
		896A7CB11F66E0A600FC369B /* Home */ = {
			isa = PBXGroup;
			children = (
				896A7CB21F66E0A600FC369B /* ViewController */,
			);
			path = Home;
			sourceTree = "<group>";
		};
		896A7CB21F66E0A600FC369B /* ViewController */ = {
			isa = PBXGroup;
			children = (
				89C84AB91F6B54DA004439DA /* HomeViewController.swift */,
				896A7CB51F66E0F200FC369B /* HomeViewController.storyboard */,
			);
			path = ViewController;
			sourceTree = "<group>";
		};
		898FF77E1FC95195001987B4 /* Journal */ = {
			isa = PBXGroup;
			children = (
				898FF77F1FC95195001987B4 /* Handler */,
				898FF7821FC95195001987B4 /* Model */,
				898FF7841FC95195001987B4 /* View */,
				898FF78A1FC95195001987B4 /* ViewController */,
			);
			path = Journal;
			sourceTree = "<group>";
		};
		898FF77F1FC95195001987B4 /* Handler */ = {
			isa = PBXGroup;
			children = (
				898FF7801FC95195001987B4 /* FilterCollectionViewHandler.swift */,
				898FF7811FC95195001987B4 /* JournalHandler.swift */,
			);
			path = Handler;
			sourceTree = "<group>";
		};
		898FF7821FC95195001987B4 /* Model */ = {
			isa = PBXGroup;
			children = (
				898FF7831FC95195001987B4 /* JournalModel.swift */,
				898FF8111FC95D96001987B4 /* JigsawModel.swift */,
			);
			path = Model;
			sourceTree = "<group>";
		};
		898FF7841FC95195001987B4 /* View */ = {
			isa = PBXGroup;
			children = (
				898FF7851FC95195001987B4 /* ConfirmTextView.swift */,
				898FF7861FC95195001987B4 /* CutView.swift */,
				898FF7871FC95195001987B4 /* FilterViewCell.swift */,
				898FF7881FC95195001987B4 /* JournalView.swift */,
				898FF7891FC95195001987B4 /* TouchTextView.swift */,
			);
			path = View;
			sourceTree = "<group>";
		};
		898FF78A1FC95195001987B4 /* ViewController */ = {
			isa = PBXGroup;
			children = (
				898FF78C1FC95195001987B4 /* JournalViewController.swift */,
			);
			path = ViewController;
			sourceTree = "<group>";
		};
		898FF7AA1FC9535D001987B4 /* GLES */ = {
			isa = PBXGroup;
			children = (
				898FF7AB1FC9535D001987B4 /* Base */,
				898FF7AF1FC9535D001987B4 /* BeautyGL.swift */,
				898FF7B01FC9535D001987B4 /* CGLOperater.cpp */,
				898FF7B11FC9535D001987B4 /* CGLOperater.hpp */,
				898FF7B21FC9535D001987B4 /* File.metal */,
				898FF7B31FC9535D001987B4 /* Filter */,
				898FF7BA1FC9535D001987B4 /* Shader */,
			);
			path = GLES;
			sourceTree = "<group>";
		};
		898FF7AB1FC9535D001987B4 /* Base */ = {
			isa = PBXGroup;
			children = (
				898FF7AC1FC9535D001987B4 /* GLFrameBuffer.swift */,
				898FF7AD1FC9535D001987B4 /* GLProgram.swift */,
				898FF7AE1FC9535D001987B4 /* GLTexture.swift */,
			);
			path = Base;
			sourceTree = "<group>";
		};
		898FF7B31FC9535D001987B4 /* Filter */ = {
			isa = PBXGroup;
			children = (
				898FF7B41FC9535D001987B4 /* BaseFilter.swift */,
				898FF7B51FC9535D001987B4 /* CommonFilter.swift */,
				898FF7B61FC9535D001987B4 /* LookUpFilter.swift */,
				898FF7B71FC9535D001987B4 /* MixFilter.swift */,
				898FF7B81FC9535D001987B4 /* PipFilter.swift */,
				898FF7B91FC9535D001987B4 /* SGLLongPicFilter.swift */,
			);
			path = Filter;
			sourceTree = "<group>";
		};
		898FF7BA1FC9535D001987B4 /* Shader */ = {
			isa = PBXGroup;
			children = (
				898FF7BB1FC9535D001987B4 /* CameoFragment.glsl */,
				898FF7BC1FC9535D001987B4 /* CameoVertex.glsl */,
				898FF7BD1FC9535D001987B4 /* CharacterFragment.glsl */,
				898FF7BE1FC9535D001987B4 /* Charactervertex.glsl */,
				898FF7BF1FC9535D001987B4 /* LookupFragment.glsl */,
				898FF7C01FC9535D001987B4 /* LookupFragment16.glsl */,
				898FF7C11FC9535D001987B4 /* lookupTestF.glsl */,
				898FF7C21FC9535D001987B4 /* lookupTestV.glsl */,
				898FF7C31FC9535D001987B4 /* LookupVertex.glsl */,
				898FF7C41FC9535D001987B4 /* LookupVertex16.glsl */,
				898FF7C51FC9535D001987B4 /* MixFragment.glsl */,
				898FF7C61FC9535D001987B4 /* MixVertex.glsl */,
				898FF7C71FC9535D001987B4 /* MTShaderFragment.glsl */,
				898FF7C81FC9535D001987B4 /* MTShaderVertex.glsl */,
				898FF7C91FC9535D001987B4 /* PipFragment.glsl */,
				898FF7CA1FC9535D001987B4 /* PipVertex.glsl */,
				898FF7CB1FC9535D001987B4 /* PMixFragment.glsl */,
				898FF7CC1FC9535D001987B4 /* PMixVertex.glsl */,
			);
			path = Shader;
			sourceTree = "<group>";
		};
		898FF7F41FC95A39001987B4 /* Template */ = {
			isa = PBXGroup;
			children = (
				898FF7F51FC95A39001987B4 /* ViewController */,
			);
			path = Template;
			sourceTree = "<group>";
		};
		898FF7F51FC95A39001987B4 /* ViewController */ = {
			isa = PBXGroup;
			children = (
				898FF7F61FC95A39001987B4 /* JournalTemplateViewController.swift */,
				898FF7F71FC95A39001987B4 /* TemplateSelectViewController.swift */,
			);
			path = ViewController;
			sourceTree = "<group>";
		};
		898FF7FA1FC95AAA001987B4 /* UItilView */ = {
			isa = PBXGroup;
			children = (
				898FF7FB1FC95AAA001987B4 /* AutoScrollView.swift */,
				898FF7FC1FC95AAA001987B4 /* DesignedTextView.swift */,
				898FF7FD1FC95AAA001987B4 /* WaterFlow */,
			);
			path = UItilView;
			sourceTree = "<group>";
		};
		898FF7FD1FC95AAA001987B4 /* WaterFlow */ = {
			isa = PBXGroup;
			children = (
				898FF7FE1FC95AAA001987B4 /* WaterFlowLayout.swift */,
				898FF7FF1FC95AAA001987B4 /* WaterFlowView.swift */,
			);
			path = WaterFlow;
			sourceTree = "<group>";
		};
		898FF8041FC95B2E001987B4 /* PhotoPicker */ = {
			isa = PBXGroup;
			children = (
				898FF8051FC95B2E001987B4 /* PhotoPickerHandler.swift */,
				898FF8061FC95B2E001987B4 /* PhotoUtil.swift */,
				898FF8071FC95B2E001987B4 /* SelectViewHandler.swift */,
				898FF8081FC95B2E001987B4 /* View */,
				898FF80A1FC95B2E001987B4 /* ViewCOntroller */,
			);
			path = PhotoPicker;
			sourceTree = "<group>";
		};
		898FF8081FC95B2E001987B4 /* View */ = {
			isa = PBXGroup;
			children = (
				898FF8091FC95B2E001987B4 /* PhotoPickerCell.swift */,
			);
			path = View;
			sourceTree = "<group>";
		};
		898FF80A1FC95B2E001987B4 /* ViewCOntroller */ = {
			isa = PBXGroup;
			children = (
				898FF80B1FC95B2E001987B4 /* PhotoPickerViewController.swift */,
			);
			path = ViewCOntroller;
			sourceTree = "<group>";
		};
		8994993D1F717213009999DA /* FilterUtil */ = {
			isa = PBXGroup;
			children = (
				8994993E1F71723D009999DA /* LookupFilter16.swift */,
				899499401F7172FC009999DA /* lookup16Fragment.glsl */,
				8A2311551FF3C122007EA688 /* DermabrasionFragment.glsl */,
			);
			path = FilterUtil;
			sourceTree = "<group>";
		};
		89C84ABD1F6B5506004439DA /* SaveAndShare */ = {
			isa = PBXGroup;
			children = (
				89C84ABE1F6B5506004439DA /* SaveAndShareViewController.storyboard */,
				89C84ABF1F6B5506004439DA /* SaveAndShareViewController.swift */,
			);
			path = SaveAndShare;
			sourceTree = "<group>";
		};
		89C84AC21F6B5518004439DA /* Process */ = {
			isa = PBXGroup;
			children = (
				89C84AC31F6B5518004439DA /* ViewController */,
				890343E31F7419C700D1FF6A /* FilterManager.swift */,
			);
			path = Process;
			sourceTree = "<group>";
		};
		89C84AC31F6B5518004439DA /* ViewController */ = {
			isa = PBXGroup;
			children = (
				89C84AC41F6B5556004439DA /* ProcessViewController.swift */,
				89D9F4101F6C0A1500DB3B57 /* ProcessViewController.storyboard */,
				89D9F4191F6C1BA900DB3B57 /* FilterListView.swift */,
				89D9F41B1F6C1D3200DB3B57 /* FilterListViewCell.swift */,
				89D9F41D1F6C1D4300DB3B57 /* FilterListViewHeader.swift */,
				89A02A511F6D82910078C6D7 /* FilterListViewCell.xib */,
				890B994F1F6D84DF00E37F9D /* FilterListViewHeader.xib */,
				89570B791FD2E93200A92942 /* FilterListView.xib */,
			);
			path = ViewController;
			sourceTree = "<group>";
		};
		89E5945E1F930F3D007671A3 /* Extension */ = {
			isa = PBXGroup;
			children = (
				898FF7A61FC952AE001987B4 /* UIView+Utils.swift */,
				898FF7A71FC952AE001987B4 /* Utils.swift */,
				898FF7A41FC952A6001987B4 /* UIImage+CGContext.swift */,
				898FF79C1FC95290001987B4 /* NSString+Utils.swift */,
				898FF79F1FC95291001987B4 /* String+Utils.swift */,
				898FF79E1FC95290001987B4 /* UIColor+String.swift */,
				898FF79D1FC95290001987B4 /* UIFont+CGSize.swift */,
				898FF79A1FC95285001987B4 /* CGRect+String.swift */,
				891C980D1FA8BDFB00991E7F /* UIImage+Save.swift */,
				89D5E3C01F94ECCB003C51C6 /* UIImage+UItil.swift */,
				89C8C1001F9E3DBE003F8D2D /* UIImage+CGRect.swift */,
				897EBF3F1FCAB98D00D2AC75 /* DesignedUtils.swift */,
			);
			path = Extension;
			sourceTree = "<group>";
		};
		8A22626D1FB85EA7004D2927 /* Products */ = {
			isa = PBXGroup;
			children = (
				8A2262741FB85EA7004D2927 /* GPUImage.framework */,
				8A2262761FB85EA7004D2927 /* GPUImageTests_macOS.xctest */,
				8A2262781FB85EA7004D2927 /* GPUImage.framework */,
				8A22627A1FB85EA7004D2927 /* GPUImageTests_iOS.xctest */,
			);
			name = Products;
			sourceTree = "<group>";
		};
		8AA601751FE940C500809F64 /* Setting */ = {
			isa = PBXGroup;
			children = (
				8AA601761FE9410100809F64 /* SettingViewController.swift */,
				8AA601781FE9430A00809F64 /* SettingViewCell.swift */,
				8AA6017A1FE9788500809F64 /* SettingViewManager.swift */,
				8A0192661FEB463E001D040E /* SuggestionViewController.swift */,
				8A01926C1FEBF2C2001D040E /* WallPaperViewController.swift */,
				8A62F89C1FF1DFDB00AD9FD0 /* WallPapperCell.swift */,
				8A62F8A11FF1E16700AD9FD0 /* WallPapperManager.swift */,
				8A636BEF1FFDBE8E000830DC /* WallPaperViewController.storyboard */,
			);
			path = Setting;
			sourceTree = "<group>";
		};
		8ABD143F1FD6E03000F1AA64 /* jjournalSource */ = {
			isa = PBXGroup;
			children = (
				8A8A71921FD82669008B214E /* journalConfig.plist */,
				8ABD14571FD6E12D00F1AA64 /* M1 */,
				8ABD14471FD6E05600F1AA64 /* M2 */,
				8ABD144A1FD6E11700F1AA64 /* M3 */,
				8ABD14491FD6E11700F1AA64 /* M4 */,
				8ABD144E1FD6E11700F1AA64 /* M5 */,
				8ABD144F1FD6E11700F1AA64 /* M6 */,
				8ABD144C1FD6E11700F1AA64 /* M7 */,
				8ABD144B1FD6E11700F1AA64 /* M8 */,
				8ABD144D1FD6E11700F1AA64 /* M9 */,
			);
			path = jjournalSource;
			sourceTree = "<group>";
		};
/* End PBXGroup section */

/* Begin PBXNativeTarget section */
		896A7C761F66DE9700FC369B /* MagicCamera */ = {
			isa = PBXNativeTarget;
			buildConfigurationList = 896A7C9F1F66DE9800FC369B /* Build configuration list for PBXNativeTarget "MagicCamera" */;
			buildPhases = (
				B45B59D028A62C391C0ADA45 /* [CP] Check Pods Manifest.lock */,
				896A7C731F66DE9700FC369B /* Sources */,
				896A7C741F66DE9700FC369B /* Frameworks */,
				896A7C751F66DE9700FC369B /* Resources */,
				896A7CC91F66E99200FC369B /* CopyFiles */,
				B153FD8D61D9853AA345B192 /* [CP] Embed Pods Frameworks */,
				5DEE67284975489C5A4421C6 /* [CP] Copy Pods Resources */,
				89339A961FB845160056F01B /* ShellScript */,
			);
			buildRules = (
			);
			dependencies = (
				8A20EE221FB85F950083E8DC /* PBXTargetDependency */,
			);
			name = MagicCamera;
			productName = MagicCamera;
			productReference = 896A7C771F66DE9700FC369B /* MagicCamera.app */;
			productType = "com.apple.product-type.application";
		};
		896A7C8A1F66DE9800FC369B /* MagicCameraTests */ = {
			isa = PBXNativeTarget;
			buildConfigurationList = 896A7CA21F66DE9800FC369B /* Build configuration list for PBXNativeTarget "MagicCameraTests" */;
			buildPhases = (
				896A7C871F66DE9800FC369B /* Sources */,
				896A7C881F66DE9800FC369B /* Frameworks */,
				896A7C891F66DE9800FC369B /* Resources */,
			);
			buildRules = (
			);
			dependencies = (
				896A7C8D1F66DE9800FC369B /* PBXTargetDependency */,
			);
			name = MagicCameraTests;
			productName = MagicCameraTests;
			productReference = 896A7C8B1F66DE9800FC369B /* MagicCameraTests.xctest */;
			productType = "com.apple.product-type.bundle.unit-test";
		};
		896A7C951F66DE9800FC369B /* MagicCameraUITests */ = {
			isa = PBXNativeTarget;
			buildConfigurationList = 896A7CA51F66DE9800FC369B /* Build configuration list for PBXNativeTarget "MagicCameraUITests" */;
			buildPhases = (
				896A7C921F66DE9800FC369B /* Sources */,
				896A7C931F66DE9800FC369B /* Frameworks */,
				896A7C941F66DE9800FC369B /* Resources */,
			);
			buildRules = (
			);
			dependencies = (
				896A7C981F66DE9800FC369B /* PBXTargetDependency */,
			);
			name = MagicCameraUITests;
			productName = MagicCameraUITests;
			productReference = 896A7C961F66DE9800FC369B /* MagicCameraUITests.xctest */;
			productType = "com.apple.product-type.bundle.ui-testing";
		};
/* End PBXNativeTarget section */

/* Begin PBXProject section */
		896A7C6F1F66DE9700FC369B /* Project object */ = {
			isa = PBXProject;
			attributes = {
				LastSwiftUpdateCheck = 0830;
				LastUpgradeCheck = 0830;
				ORGANIZATIONNAME = sugc;
				TargetAttributes = {
					896A7C761F66DE9700FC369B = {
						CreatedOnToolsVersion = 8.3.2;
						DevelopmentTeam = 4D8QBLQTY5;
						ProvisioningStyle = Automatic;
					};
					896A7C8A1F66DE9800FC369B = {
						CreatedOnToolsVersion = 8.3.2;
						DevelopmentTeam = 4D8QBLQTY5;
						ProvisioningStyle = Automatic;
						TestTargetID = 896A7C761F66DE9700FC369B;
					};
					896A7C951F66DE9800FC369B = {
						CreatedOnToolsVersion = 8.3.2;
						DevelopmentTeam = 4D8QBLQTY5;
						ProvisioningStyle = Automatic;
						TestTargetID = 896A7C761F66DE9700FC369B;
					};
				};
			};
			buildConfigurationList = 896A7C721F66DE9700FC369B /* Build configuration list for PBXProject "MagicCamera" */;
			compatibilityVersion = "Xcode 3.2";
			developmentRegion = English;
			hasScannedForEncodings = 0;
			knownRegions = (
				en,
				Base,
				"zh-Hans",
			);
			mainGroup = 896A7C6E1F66DE9700FC369B;
			productRefGroup = 896A7C781F66DE9700FC369B /* Products */;
			projectDirPath = "";
			projectReferences = (
				{
					ProductGroup = 8A22626D1FB85EA7004D2927 /* Products */;
					ProjectRef = 8A22626C1FB85EA7004D2927 /* GPUImage.xcodeproj */;
				},
			);
			projectRoot = "";
			targets = (
				896A7C761F66DE9700FC369B /* MagicCamera */,
				896A7C8A1F66DE9800FC369B /* MagicCameraTests */,
				896A7C951F66DE9800FC369B /* MagicCameraUITests */,
			);
		};
/* End PBXProject section */

/* Begin PBXReferenceProxy section */
		8A2262741FB85EA7004D2927 /* GPUImage.framework */ = {
			isa = PBXReferenceProxy;
			fileType = wrapper.framework;
			path = GPUImage.framework;
			remoteRef = 8A2262731FB85EA7004D2927 /* PBXContainerItemProxy */;
			sourceTree = BUILT_PRODUCTS_DIR;
		};
		8A2262761FB85EA7004D2927 /* GPUImageTests_macOS.xctest */ = {
			isa = PBXReferenceProxy;
			fileType = wrapper.cfbundle;
			path = GPUImageTests_macOS.xctest;
			remoteRef = 8A2262751FB85EA7004D2927 /* PBXContainerItemProxy */;
			sourceTree = BUILT_PRODUCTS_DIR;
		};
		8A2262781FB85EA7004D2927 /* GPUImage.framework */ = {
			isa = PBXReferenceProxy;
			fileType = wrapper.framework;
			path = GPUImage.framework;
			remoteRef = 8A2262771FB85EA7004D2927 /* PBXContainerItemProxy */;
			sourceTree = BUILT_PRODUCTS_DIR;
		};
		8A22627A1FB85EA7004D2927 /* GPUImageTests_iOS.xctest */ = {
			isa = PBXReferenceProxy;
			fileType = wrapper.cfbundle;
			path = GPUImageTests_iOS.xctest;
			remoteRef = 8A2262791FB85EA7004D2927 /* PBXContainerItemProxy */;
			sourceTree = BUILT_PRODUCTS_DIR;
		};
/* End PBXReferenceProxy section */

/* Begin PBXResourcesBuildPhase section */
		896A7C751F66DE9700FC369B /* Resources */ = {
			isa = PBXResourcesBuildPhase;
			buildActionMask = 2147483647;
			files = (
				8A8A71A81FD82B93008B214E /* M5.JPG in Resources */,
				8ABD14581FD6E12D00F1AA64 /* M1 in Resources */,
				89570B7A1FD2E93200A92942 /* FilterListView.xib in Resources */,
				898FF7E91FC9535D001987B4 /* PMixFragment.glsl in Resources */,
				8A2311561FF3C122007EA688 /* DermabrasionFragment.glsl in Resources */,
				8ABD14531FD6E11700F1AA64 /* M7 in Resources */,
				8ABD14501FD6E11700F1AA64 /* M4 in Resources */,
				8ABD14551FD6E11700F1AA64 /* M5 in Resources */,
				898FF7E31FC9535D001987B4 /* MixFragment.glsl in Resources */,
				898FF7E61FC9535D001987B4 /* MTShaderVertex.glsl in Resources */,
				8ABD14521FD6E11700F1AA64 /* M8 in Resources */,
				898FF7DD1FC9535D001987B4 /* LookupFragment.glsl in Resources */,
				8ABD14481FD6E05600F1AA64 /* M2 in Resources */,
				89C60E7D1FAE2B0200FF53E5 /* config.plist in Resources */,
				898FF7DE1FC9535D001987B4 /* LookupFragment16.glsl in Resources */,
				89A02A521F6D82910078C6D7 /* FilterListViewCell.xib in Resources */,
				89C84AC01F6B5506004439DA /* SaveAndShareViewController.storyboard in Resources */,
				8A8A71A61FD82B93008B214E /* M4.JPG in Resources */,
				896A7CB61F66E0F200FC369B /* HomeViewController.storyboard in Resources */,
				898FF7D91FC9535D001987B4 /* CameoFragment.glsl in Resources */,
				8A8A71A01FD82B87008B214E /* M1.JPG in Resources */,
				898FF7E81FC9535D001987B4 /* PipVertex.glsl in Resources */,
				898FF7EA1FC9535D001987B4 /* PMixVertex.glsl in Resources */,
				898FF7DB1FC9535D001987B4 /* CharacterFragment.glsl in Resources */,
				8A636BF01FFDBE8E000830DC /* WallPaperViewController.storyboard in Resources */,
				898FF7E51FC9535D001987B4 /* MTShaderFragment.glsl in Resources */,
				898FF7E11FC9535D001987B4 /* LookupVertex.glsl in Resources */,
				89D9F4111F6C0A1500DB3B57 /* ProcessViewController.storyboard in Resources */,
				8A8A71961FD8266A008B214E /* journalConfig.plist in Resources */,
				8A8A71AC1FD835A5008B214E /* M2.JPG in Resources */,
				898FF7DF1FC9535D001987B4 /* lookupTestF.glsl in Resources */,
				890B99501F6D84DF00E37F9D /* FilterListViewHeader.xib in Resources */,
				8ABD14561FD6E11700F1AA64 /* M6 in Resources */,
				898FF7E71FC9535D001987B4 /* PipFragment.glsl in Resources */,
				898FF7E01FC9535D001987B4 /* lookupTestV.glsl in Resources */,
				8A3EC72E200792E500D96020 /* Localizable.strings in Resources */,
				89C871B91FB5EFA0003F8A9D /* LaunchScreen.storyboard in Resources */,
				896A7C821F66DE9700FC369B /* Assets.xcassets in Resources */,
				896A7CB41F66E0CD00FC369B /* CameraViewController.storyboard in Resources */,
				898FF7E41FC9535D001987B4 /* MixVertex.glsl in Resources */,
				8A8A71A71FD82B93008B214E /* M3.JPG in Resources */,
				8A47D85620023F3B00F6BE86 /* M6.JPG in Resources */,
				8ABD14511FD6E11700F1AA64 /* M3 in Resources */,
				898FF7DA1FC9535D001987B4 /* CameoVertex.glsl in Resources */,
				8A3EC7282007923200D96020 /* InfoPlist.strings in Resources */,
				898FF7E21FC9535D001987B4 /* LookupVertex16.glsl in Resources */,
				89C60E841FAE2B1C00FF53E5 /* filterResourse in Resources */,
				899499411F7172FC009999DA /* lookup16Fragment.glsl in Resources */,
				898FF7DC1FC9535D001987B4 /* Charactervertex.glsl in Resources */,
				8ABD14541FD6E11700F1AA64 /* M9 in Resources */,
			);
			runOnlyForDeploymentPostprocessing = 0;
		};
		896A7C891F66DE9800FC369B /* Resources */ = {
			isa = PBXResourcesBuildPhase;
			buildActionMask = 2147483647;
			files = (
			);
			runOnlyForDeploymentPostprocessing = 0;
		};
		896A7C941F66DE9800FC369B /* Resources */ = {
			isa = PBXResourcesBuildPhase;
			buildActionMask = 2147483647;
			files = (
			);
			runOnlyForDeploymentPostprocessing = 0;
		};
/* End PBXResourcesBuildPhase section */

/* Begin PBXShellScriptBuildPhase section */
		5DEE67284975489C5A4421C6 /* [CP] Copy Pods Resources */ = {
			isa = PBXShellScriptBuildPhase;
			buildActionMask = 2147483647;
			files = (
			);
			inputPaths = (
			);
			name = "[CP] Copy Pods Resources";
			outputPaths = (
			);
			runOnlyForDeploymentPostprocessing = 0;
			shellPath = /bin/sh;
			shellScript = "\"${SRCROOT}/Pods/Target Support Files/Pods-MagicCamera/Pods-MagicCamera-resources.sh\"\n";
			showEnvVarsInLog = 0;
		};
		89339A961FB845160056F01B /* ShellScript */ = {
			isa = PBXShellScriptBuildPhase;
			buildActionMask = 2147483647;
			files = (
			);
			inputPaths = (
			);
			outputPaths = (
			);
			runOnlyForDeploymentPostprocessing = 0;
			shellPath = /bin/sh;
			shellScript = "./Fabric.framework/run 0bd35f2f57e37f02d123c669e6cf00e9d3a6bdee f3f9fd90664babaf62c4265e11a44df3eb356cff4517c922f65eb2345d2a9605";
		};
		B153FD8D61D9853AA345B192 /* [CP] Embed Pods Frameworks */ = {
			isa = PBXShellScriptBuildPhase;
			buildActionMask = 2147483647;
			files = (
			);
			inputPaths = (
				"${SRCROOT}/Pods/Target Support Files/Pods-MagicCamera/Pods-MagicCamera-frameworks.sh",
				"${BUILT_PRODUCTS_DIR}/GoogleToolboxForMac/GoogleToolboxForMac.framework",
				"${BUILT_PRODUCTS_DIR}/MBProgressHUD/MBProgressHUD.framework",
				"${BUILT_PRODUCTS_DIR}/ReactiveCocoa/ReactiveCocoa.framework",
				"${BUILT_PRODUCTS_DIR}/ReactiveSwift/ReactiveSwift.framework",
				"${BUILT_PRODUCTS_DIR}/Result/Result.framework",
				"${BUILT_PRODUCTS_DIR}/nanopb/nanopb.framework",
				"${BUILT_PRODUCTS_DIR}/skpsmtpmessage/skpsmtpmessage.framework",
			);
			name = "[CP] Embed Pods Frameworks";
			outputPaths = (
				"${TARGET_BUILD_DIR}/${FRAMEWORKS_FOLDER_PATH}/GoogleToolboxForMac.framework",
				"${TARGET_BUILD_DIR}/${FRAMEWORKS_FOLDER_PATH}/MBProgressHUD.framework",
				"${TARGET_BUILD_DIR}/${FRAMEWORKS_FOLDER_PATH}/ReactiveCocoa.framework",
				"${TARGET_BUILD_DIR}/${FRAMEWORKS_FOLDER_PATH}/ReactiveSwift.framework",
				"${TARGET_BUILD_DIR}/${FRAMEWORKS_FOLDER_PATH}/Result.framework",
				"${TARGET_BUILD_DIR}/${FRAMEWORKS_FOLDER_PATH}/nanopb.framework",
				"${TARGET_BUILD_DIR}/${FRAMEWORKS_FOLDER_PATH}/skpsmtpmessage.framework",
			);
			runOnlyForDeploymentPostprocessing = 0;
			shellPath = /bin/sh;
			shellScript = "\"${SRCROOT}/Pods/Target Support Files/Pods-MagicCamera/Pods-MagicCamera-frameworks.sh\"\n";
			showEnvVarsInLog = 0;
		};
		B45B59D028A62C391C0ADA45 /* [CP] Check Pods Manifest.lock */ = {
			isa = PBXShellScriptBuildPhase;
			buildActionMask = 2147483647;
			files = (
			);
			inputPaths = (
				"${PODS_PODFILE_DIR_PATH}/Podfile.lock",
				"${PODS_ROOT}/Manifest.lock",
			);
			name = "[CP] Check Pods Manifest.lock";
			outputPaths = (
				"$(DERIVED_FILE_DIR)/Pods-MagicCamera-checkManifestLockResult.txt",
			);
			runOnlyForDeploymentPostprocessing = 0;
			shellPath = /bin/sh;
			shellScript = "diff \"${PODS_PODFILE_DIR_PATH}/Podfile.lock\" \"${PODS_ROOT}/Manifest.lock\" > /dev/null\nif [ $? != 0 ] ; then\n    # print error to STDERR\n    echo \"error: The sandbox is not in sync with the Podfile.lock. Run 'pod install' or update your CocoaPods installation.\" >&2\n    exit 1\nfi\n# This output is used by Xcode 'outputs' to avoid re-running this script phase.\necho \"SUCCESS\" > \"${SCRIPT_OUTPUT_FILE_0}\"\n";
			showEnvVarsInLog = 0;
		};
/* End PBXShellScriptBuildPhase section */

/* Begin PBXSourcesBuildPhase section */
		896A7C731F66DE9700FC369B /* Sources */ = {
			isa = PBXSourcesBuildPhase;
			buildActionMask = 2147483647;
			files = (
				898FF7CF1FC9535D001987B4 /* GLTexture.swift in Sources */,
				898FF7951FC95195001987B4 /* FilterViewCell.swift in Sources */,
				898FF7CE1FC9535D001987B4 /* GLProgram.swift in Sources */,
				8AA601791FE9430A00809F64 /* SettingViewCell.swift in Sources */,
				8994993F1F71723D009999DA /* LookupFilter16.swift in Sources */,
				898FF8121FC95D96001987B4 /* JigsawModel.swift in Sources */,
				898FF7D51FC9535D001987B4 /* LookUpFilter.swift in Sources */,
				898FF7CD1FC9535D001987B4 /* GLFrameBuffer.swift in Sources */,
				898FF7A81FC952AE001987B4 /* UIView+Utils.swift in Sources */,
				89D5E3C11F94ECCB003C51C6 /* UIImage+UItil.swift in Sources */,
				898FF7F91FC95A39001987B4 /* TemplateSelectViewController.swift in Sources */,
				898FF7D11FC9535D001987B4 /* CGLOperater.cpp in Sources */,
				89F9CF731F7D466800704DF6 /* CameraManager.swift in Sources */,
				89D9F41C1F6C1D3200DB3B57 /* FilterListViewCell.swift in Sources */,
				898FF7A01FC95291001987B4 /* NSString+Utils.swift in Sources */,
				8AF10FD420064F4B00D804BF /* StatusUtil.swift in Sources */,
				898FF7D21FC9535D001987B4 /* File.metal in Sources */,
				890343E41F7419C700D1FF6A /* FilterManager.swift in Sources */,
				89C84ABA1F6B54DA004439DA /* HomeViewController.swift in Sources */,
				89D9F41E1F6C1D4300DB3B57 /* FilterListViewHeader.swift in Sources */,
				898FF7A51FC952A6001987B4 /* UIImage+CGContext.swift in Sources */,
				898FF7A91FC952AE001987B4 /* Utils.swift in Sources */,
				898FF80E1FC95B2E001987B4 /* SelectViewHandler.swift in Sources */,
				89C84ABC1F6B54EC004439DA /* CameraViewController.swift in Sources */,
				89D9F41A1F6C1BA900DB3B57 /* FilterListView.swift in Sources */,
				898FF7F81FC95A39001987B4 /* JournalTemplateViewController.swift in Sources */,
				8A62F8A21FF1E16700AD9FD0 /* WallPapperManager.swift in Sources */,
				898FF7A31FC95291001987B4 /* String+Utils.swift in Sources */,
				89C84AC51F6B5556004439DA /* ProcessViewController.swift in Sources */,
				897EBF401FCAB98D00D2AC75 /* DesignedUtils.swift in Sources */,
				898FF7A11FC95291001987B4 /* UIFont+CGSize.swift in Sources */,
				89C8C1011F9E3DBE003F8D2D /* UIImage+CGRect.swift in Sources */,
				898FF7A21FC95291001987B4 /* UIColor+String.swift in Sources */,
				898FF80F1FC95B2E001987B4 /* PhotoPickerCell.swift in Sources */,
				898FF80C1FC95B2E001987B4 /* PhotoPickerHandler.swift in Sources */,
				898FF7D41FC9535D001987B4 /* CommonFilter.swift in Sources */,
				898FF7D61FC9535D001987B4 /* MixFilter.swift in Sources */,
				898FF7D31FC9535D001987B4 /* BaseFilter.swift in Sources */,
				898FF7D01FC9535D001987B4 /* BeautyGL.swift in Sources */,
				898FF7941FC95195001987B4 /* CutView.swift in Sources */,
				896A7C7D1F66DE9700FC369B /* ViewController.swift in Sources */,
				8AA6017B1FE9788500809F64 /* SettingViewManager.swift in Sources */,
				898FF7931FC95195001987B4 /* ConfirmTextView.swift in Sources */,
				898FF8001FC95AAA001987B4 /* AutoScrollView.swift in Sources */,
				8905D5BC1F7BF7EE003F4730 /* PositionMonitor.swift in Sources */,
				898FF8101FC95B2E001987B4 /* PhotoPickerViewController.swift in Sources */,
				898FF7961FC95195001987B4 /* JournalView.swift in Sources */,
				896A7C7B1F66DE9700FC369B /* AppDelegate.swift in Sources */,
				89C84AC11F6B5506004439DA /* SaveAndShareViewController.swift in Sources */,
				898FF7901FC95195001987B4 /* FilterCollectionViewHandler.swift in Sources */,
				898FF79B1FC95285001987B4 /* CGRect+String.swift in Sources */,
				898FF8021FC95AAA001987B4 /* WaterFlowLayout.swift in Sources */,
				8A41D4A81FE20A1800F7D39C /* NomalDefinition.swift in Sources */,
				898FF7D71FC9535D001987B4 /* PipFilter.swift in Sources */,
				898FF7991FC95195001987B4 /* JournalViewController.swift in Sources */,
				8A9B11241FF32D9700D456DD /* AuthorityUtil.swift in Sources */,
				8A01926D1FEBF2C2001D040E /* WallPaperViewController.swift in Sources */,
				898FF7911FC95195001987B4 /* JournalHandler.swift in Sources */,
				8A0192671FEB463E001D040E /* SuggestionViewController.swift in Sources */,
				898FF80D1FC95B2E001987B4 /* PhotoUtil.swift in Sources */,
				898FF7D81FC9535D001987B4 /* SGLLongPicFilter.swift in Sources */,
				89E594631F9321B8007671A3 /* Vector3.swift in Sources */,
				898FF7921FC95195001987B4 /* JournalModel.swift in Sources */,
				898FF8031FC95AAA001987B4 /* WaterFlowView.swift in Sources */,
				8AA601771FE9410100809F64 /* SettingViewController.swift in Sources */,
				898FF7971FC95195001987B4 /* TouchTextView.swift in Sources */,
				891C98111FA8BDFC00991E7F /* UIImage+Save.swift in Sources */,
				898FF8011FC95AAA001987B4 /* DesignedTextView.swift in Sources */,
				89F9CF781F7D4E9D00704DF6 /* StillCamera.swift in Sources */,
				8A62F89D1FF1DFDB00AD9FD0 /* WallPapperCell.swift in Sources */,
			);
			runOnlyForDeploymentPostprocessing = 0;
		};
		896A7C871F66DE9800FC369B /* Sources */ = {
			isa = PBXSourcesBuildPhase;
			buildActionMask = 2147483647;
			files = (
				896A7C901F66DE9800FC369B /* MagicCameraTests.swift in Sources */,
			);
			runOnlyForDeploymentPostprocessing = 0;
		};
		896A7C921F66DE9800FC369B /* Sources */ = {
			isa = PBXSourcesBuildPhase;
			buildActionMask = 2147483647;
			files = (
				896A7C9B1F66DE9800FC369B /* MagicCameraUITests.swift in Sources */,
			);
			runOnlyForDeploymentPostprocessing = 0;
		};
/* End PBXSourcesBuildPhase section */

/* Begin PBXTargetDependency section */
		896A7C8D1F66DE9800FC369B /* PBXTargetDependency */ = {
			isa = PBXTargetDependency;
			target = 896A7C761F66DE9700FC369B /* MagicCamera */;
			targetProxy = 896A7C8C1F66DE9800FC369B /* PBXContainerItemProxy */;
		};
		896A7C981F66DE9800FC369B /* PBXTargetDependency */ = {
			isa = PBXTargetDependency;
			target = 896A7C761F66DE9700FC369B /* MagicCamera */;
			targetProxy = 896A7C971F66DE9800FC369B /* PBXContainerItemProxy */;
		};
		8A20EE221FB85F950083E8DC /* PBXTargetDependency */ = {
			isa = PBXTargetDependency;
			name = GPUImage_iOS;
			targetProxy = 8A20EE211FB85F950083E8DC /* PBXContainerItemProxy */;
		};
/* End PBXTargetDependency section */

/* Begin PBXVariantGroup section */
		8A3EC72A2007923200D96020 /* InfoPlist.strings */ = {
			isa = PBXVariantGroup;
			children = (
				8A3EC7292007923200D96020 /* en */,
				8A3EC72B2007926700D96020 /* zh-Hans */,
			);
			name = InfoPlist.strings;
			sourceTree = "<group>";
		};
		8A3EC730200792E500D96020 /* Localizable.strings */ = {
			isa = PBXVariantGroup;
			children = (
				8A3EC72F200792E500D96020 /* en */,
				8A3EC731200792E600D96020 /* zh-Hans */,
			);
			name = Localizable.strings;
			sourceTree = "<group>";
		};
/* End PBXVariantGroup section */

/* Begin XCBuildConfiguration section */
		896A7C9D1F66DE9800FC369B /* Debug */ = {
			isa = XCBuildConfiguration;
			buildSettings = {
				ALWAYS_SEARCH_USER_PATHS = NO;
				CLANG_ANALYZER_LOCALIZABILITY_NONLOCALIZED = YES;
				CLANG_ANALYZER_NONNULL = YES;
				CLANG_ANALYZER_NUMBER_OBJECT_CONVERSION = YES_AGGRESSIVE;
				CLANG_CXX_LANGUAGE_STANDARD = "gnu++0x";
				CLANG_CXX_LIBRARY = "libc++";
				CLANG_ENABLE_MODULES = YES;
				CLANG_ENABLE_OBJC_ARC = YES;
				CLANG_WARN_BOOL_CONVERSION = YES;
				CLANG_WARN_CONSTANT_CONVERSION = YES;
				CLANG_WARN_DIRECT_OBJC_ISA_USAGE = YES_ERROR;
				CLANG_WARN_DOCUMENTATION_COMMENTS = YES;
				CLANG_WARN_EMPTY_BODY = YES;
				CLANG_WARN_ENUM_CONVERSION = YES;
				CLANG_WARN_INFINITE_RECURSION = YES;
				CLANG_WARN_INT_CONVERSION = YES;
				CLANG_WARN_OBJC_ROOT_CLASS = YES_ERROR;
				CLANG_WARN_SUSPICIOUS_MOVE = YES;
				CLANG_WARN_UNREACHABLE_CODE = YES;
				CLANG_WARN__DUPLICATE_METHOD_MATCH = YES;
				"CODE_SIGN_IDENTITY[sdk=iphoneos*]" = "iPhone Developer";
				COPY_PHASE_STRIP = NO;
				DEBUG_INFORMATION_FORMAT = dwarf;
				ENABLE_STRICT_OBJC_MSGSEND = YES;
				ENABLE_TESTABILITY = YES;
				GCC_C_LANGUAGE_STANDARD = gnu99;
				GCC_DYNAMIC_NO_PIC = NO;
				GCC_NO_COMMON_BLOCKS = YES;
				GCC_OPTIMIZATION_LEVEL = 0;
				GCC_PREPROCESSOR_DEFINITIONS = (
					"DEBUG=1",
					"$(inherited)",
				);
				GCC_WARN_64_TO_32_BIT_CONVERSION = YES;
				GCC_WARN_ABOUT_RETURN_TYPE = YES_ERROR;
				GCC_WARN_UNDECLARED_SELECTOR = YES;
				GCC_WARN_UNINITIALIZED_AUTOS = YES_AGGRESSIVE;
				GCC_WARN_UNUSED_FUNCTION = YES;
				GCC_WARN_UNUSED_VARIABLE = YES;
				IPHONEOS_DEPLOYMENT_TARGET = 9.0;
				MTL_ENABLE_DEBUG_INFO = YES;
				ONLY_ACTIVE_ARCH = YES;
				OTHER_LDFLAGS = "-Objc";
				SDKROOT = iphoneos;
				SWIFT_ACTIVE_COMPILATION_CONDITIONS = DEBUG;
				SWIFT_OPTIMIZATION_LEVEL = "-Onone";
				TARGETED_DEVICE_FAMILY = "1,2";
			};
			name = Debug;
		};
		896A7C9E1F66DE9800FC369B /* Release */ = {
			isa = XCBuildConfiguration;
			buildSettings = {
				ALWAYS_SEARCH_USER_PATHS = NO;
				CLANG_ANALYZER_LOCALIZABILITY_NONLOCALIZED = YES;
				CLANG_ANALYZER_NONNULL = YES;
				CLANG_ANALYZER_NUMBER_OBJECT_CONVERSION = YES_AGGRESSIVE;
				CLANG_CXX_LANGUAGE_STANDARD = "gnu++0x";
				CLANG_CXX_LIBRARY = "libc++";
				CLANG_ENABLE_MODULES = YES;
				CLANG_ENABLE_OBJC_ARC = YES;
				CLANG_WARN_BOOL_CONVERSION = YES;
				CLANG_WARN_CONSTANT_CONVERSION = YES;
				CLANG_WARN_DIRECT_OBJC_ISA_USAGE = YES_ERROR;
				CLANG_WARN_DOCUMENTATION_COMMENTS = YES;
				CLANG_WARN_EMPTY_BODY = YES;
				CLANG_WARN_ENUM_CONVERSION = YES;
				CLANG_WARN_INFINITE_RECURSION = YES;
				CLANG_WARN_INT_CONVERSION = YES;
				CLANG_WARN_OBJC_ROOT_CLASS = YES_ERROR;
				CLANG_WARN_SUSPICIOUS_MOVE = YES;
				CLANG_WARN_UNREACHABLE_CODE = YES;
				CLANG_WARN__DUPLICATE_METHOD_MATCH = YES;
				"CODE_SIGN_IDENTITY[sdk=iphoneos*]" = "iPhone Developer";
				COPY_PHASE_STRIP = NO;
				DEBUG_INFORMATION_FORMAT = "dwarf-with-dsym";
				ENABLE_NS_ASSERTIONS = NO;
				ENABLE_STRICT_OBJC_MSGSEND = YES;
				GCC_C_LANGUAGE_STANDARD = gnu99;
				GCC_NO_COMMON_BLOCKS = YES;
				GCC_WARN_64_TO_32_BIT_CONVERSION = YES;
				GCC_WARN_ABOUT_RETURN_TYPE = YES_ERROR;
				GCC_WARN_UNDECLARED_SELECTOR = YES;
				GCC_WARN_UNINITIALIZED_AUTOS = YES_AGGRESSIVE;
				GCC_WARN_UNUSED_FUNCTION = YES;
				GCC_WARN_UNUSED_VARIABLE = YES;
				IPHONEOS_DEPLOYMENT_TARGET = 9.0;
				MTL_ENABLE_DEBUG_INFO = NO;
				OTHER_LDFLAGS = "-Objc";
				SDKROOT = iphoneos;
				SWIFT_OPTIMIZATION_LEVEL = "-Owholemodule";
				TARGETED_DEVICE_FAMILY = "1,2";
				VALIDATE_PRODUCT = YES;
			};
			name = Release;
		};
		896A7CA01F66DE9800FC369B /* Debug */ = {
			isa = XCBuildConfiguration;
			baseConfigurationReference = 01B3C3584B20A2EA7302A43C /* Pods-MagicCamera.debug.xcconfig */;
			buildSettings = {
				ASSETCATALOG_COMPILER_APPICON_NAME = AppIcon;
				DEVELOPMENT_TEAM = 4D8QBLQTY5;
				INFOPLIST_FILE = MagicCamera/Info.plist;
				IPHONEOS_DEPLOYMENT_TARGET = 9.0;
				LD_RUNPATH_SEARCH_PATHS = "$(inherited) @executable_path/Frameworks";
				PRODUCT_BUNDLE_IDENTIFIER = com.magic.cameraFun;
				PRODUCT_NAME = "$(TARGET_NAME)";
				SWIFT_OBJC_BRIDGING_HEADER = "MagicCamera-Bridging-Header.h";
				SWIFT_VERSION = 3.0;
				TARGETED_DEVICE_FAMILY = 1;
			};
			name = Debug;
		};
		896A7CA11F66DE9800FC369B /* Release */ = {
			isa = XCBuildConfiguration;
			baseConfigurationReference = AC7BC624126B2FF80E13B9E9 /* Pods-MagicCamera.release.xcconfig */;
			buildSettings = {
				ASSETCATALOG_COMPILER_APPICON_NAME = AppIcon;
				DEVELOPMENT_TEAM = 4D8QBLQTY5;
				INFOPLIST_FILE = MagicCamera/Info.plist;
				IPHONEOS_DEPLOYMENT_TARGET = 9.0;
				LD_RUNPATH_SEARCH_PATHS = "$(inherited) @executable_path/Frameworks";
				PRODUCT_BUNDLE_IDENTIFIER = com.magic.cameraFun;
				PRODUCT_NAME = "$(TARGET_NAME)";
				SWIFT_OBJC_BRIDGING_HEADER = "MagicCamera-Bridging-Header.h";
				SWIFT_VERSION = 3.0;
				TARGETED_DEVICE_FAMILY = 1;
			};
			name = Release;
		};
		896A7CA31F66DE9800FC369B /* Debug */ = {
			isa = XCBuildConfiguration;
			buildSettings = {
				ALWAYS_EMBED_SWIFT_STANDARD_LIBRARIES = YES;
				BUNDLE_LOADER = "$(TEST_HOST)";
				DEVELOPMENT_TEAM = 4D8QBLQTY5;
				INFOPLIST_FILE = MagicCameraTests/Info.plist;
				LD_RUNPATH_SEARCH_PATHS = "$(inherited) @executable_path/Frameworks @loader_path/Frameworks";
				PRODUCT_BUNDLE_IDENTIFIER = com.sugc.magicCamera.MagicCameraTests;
				PRODUCT_NAME = "$(TARGET_NAME)";
				SWIFT_VERSION = 3.0;
				TEST_HOST = "$(BUILT_PRODUCTS_DIR)/MagicCamera.app/MagicCamera";
			};
			name = Debug;
		};
		896A7CA41F66DE9800FC369B /* Release */ = {
			isa = XCBuildConfiguration;
			buildSettings = {
				ALWAYS_EMBED_SWIFT_STANDARD_LIBRARIES = YES;
				BUNDLE_LOADER = "$(TEST_HOST)";
				DEVELOPMENT_TEAM = 4D8QBLQTY5;
				INFOPLIST_FILE = MagicCameraTests/Info.plist;
				LD_RUNPATH_SEARCH_PATHS = "$(inherited) @executable_path/Frameworks @loader_path/Frameworks";
				PRODUCT_BUNDLE_IDENTIFIER = com.sugc.magicCamera.MagicCameraTests;
				PRODUCT_NAME = "$(TARGET_NAME)";
				SWIFT_VERSION = 3.0;
				TEST_HOST = "$(BUILT_PRODUCTS_DIR)/MagicCamera.app/MagicCamera";
			};
			name = Release;
		};
		896A7CA61F66DE9800FC369B /* Debug */ = {
			isa = XCBuildConfiguration;
			buildSettings = {
				ALWAYS_EMBED_SWIFT_STANDARD_LIBRARIES = YES;
				DEVELOPMENT_TEAM = 4D8QBLQTY5;
				INFOPLIST_FILE = MagicCameraUITests/Info.plist;
				LD_RUNPATH_SEARCH_PATHS = "$(inherited) @executable_path/Frameworks @loader_path/Frameworks";
				PRODUCT_BUNDLE_IDENTIFIER = com.sugc.magicCamera.MagicCameraUITests;
				PRODUCT_NAME = "$(TARGET_NAME)";
				SWIFT_VERSION = 3.0;
				TEST_TARGET_NAME = MagicCamera;
			};
			name = Debug;
		};
		896A7CA71F66DE9800FC369B /* Release */ = {
			isa = XCBuildConfiguration;
			buildSettings = {
				ALWAYS_EMBED_SWIFT_STANDARD_LIBRARIES = YES;
				DEVELOPMENT_TEAM = 4D8QBLQTY5;
				INFOPLIST_FILE = MagicCameraUITests/Info.plist;
				LD_RUNPATH_SEARCH_PATHS = "$(inherited) @executable_path/Frameworks @loader_path/Frameworks";
				PRODUCT_BUNDLE_IDENTIFIER = com.sugc.magicCamera.MagicCameraUITests;
				PRODUCT_NAME = "$(TARGET_NAME)";
				SWIFT_VERSION = 3.0;
				TEST_TARGET_NAME = MagicCamera;
			};
			name = Release;
		};
/* End XCBuildConfiguration section */

/* Begin XCConfigurationList section */
		896A7C721F66DE9700FC369B /* Build configuration list for PBXProject "MagicCamera" */ = {
			isa = XCConfigurationList;
			buildConfigurations = (
				896A7C9D1F66DE9800FC369B /* Debug */,
				896A7C9E1F66DE9800FC369B /* Release */,
			);
			defaultConfigurationIsVisible = 0;
			defaultConfigurationName = Release;
		};
		896A7C9F1F66DE9800FC369B /* Build configuration list for PBXNativeTarget "MagicCamera" */ = {
			isa = XCConfigurationList;
			buildConfigurations = (
				896A7CA01F66DE9800FC369B /* Debug */,
				896A7CA11F66DE9800FC369B /* Release */,
			);
			defaultConfigurationIsVisible = 0;
			defaultConfigurationName = Release;
		};
		896A7CA21F66DE9800FC369B /* Build configuration list for PBXNativeTarget "MagicCameraTests" */ = {
			isa = XCConfigurationList;
			buildConfigurations = (
				896A7CA31F66DE9800FC369B /* Debug */,
				896A7CA41F66DE9800FC369B /* Release */,
			);
			defaultConfigurationIsVisible = 0;
			defaultConfigurationName = Release;
		};
		896A7CA51F66DE9800FC369B /* Build configuration list for PBXNativeTarget "MagicCameraUITests" */ = {
			isa = XCConfigurationList;
			buildConfigurations = (
				896A7CA61F66DE9800FC369B /* Debug */,
				896A7CA71F66DE9800FC369B /* Release */,
			);
			defaultConfigurationIsVisible = 0;
			defaultConfigurationName = Release;
		};
/* End XCConfigurationList section */
	};
	rootObject = 896A7C6F1F66DE9700FC369B /* Project object */;
}
